// !$*UTF8*$!
{
	archiveVersion = 1;
	classes = {
	};
	objectVersion = 48;
	objects = {

/* Begin PBXBuildFile section */
		BC0DE32920DD4D45002AF617 /* Cocoa.framework in Frameworks */ = {isa = PBXBuildFile; fileRef = BC0DE32820DD4D45002AF617 /* Cocoa.framework */; };
		BC0DE32B20DD4D59002AF617 /* IOKit.framework in Frameworks */ = {isa = PBXBuildFile; fileRef = BC0DE32A20DD4D59002AF617 /* IOKit.framework */; };
		BC0DE32D20DD4D79002AF617 /* CoreVideo.framework in Frameworks */ = {isa = PBXBuildFile; fileRef = BC0DE32C20DD4D79002AF617 /* CoreVideo.framework */; };
		BC0DE32E20DD4DBE002AF617 /* Cocoa.framework in Frameworks */ = {isa = PBXBuildFile; fileRef = BC0DE32820DD4D45002AF617 /* Cocoa.framework */; };
		BC0DE33020DD4DF9002AF617 /* IOKit.framework in Frameworks */ = {isa = PBXBuildFile; fileRef = BC0DE32A20DD4D59002AF617 /* IOKit.framework */; };
		BC0DE33120DD4E08002AF617 /* CoreVideo.framework in Frameworks */ = {isa = PBXBuildFile; fileRef = BC0DE32C20DD4D79002AF617 /* CoreVideo.framework */; };
		BC0DE33220DD4E28002AF617 /* CoreVideo.framework in Frameworks */ = {isa = PBXBuildFile; fileRef = BC0DE32C20DD4D79002AF617 /* CoreVideo.framework */; };
		BC0DE33320DD4E2E002AF617 /* Cocoa.framework in Frameworks */ = {isa = PBXBuildFile; fileRef = BC0DE32820DD4D45002AF617 /* Cocoa.framework */; };
		BC0DE33420DD4E33002AF617 /* IOKit.framework in Frameworks */ = {isa = PBXBuildFile; fileRef = BC0DE32A20DD4D59002AF617 /* IOKit.framework */; };
		E911A01120E4DE8900EA1E24 /* stb_vorbis.c in Sources */ = {isa = PBXBuildFile; fileRef = E9AF093420E4D41000B01E31 /* stb_vorbis.c */; };
		E911A01820E4DF5900EA1E24 /* libstd-master.a in Frameworks */ = {isa = PBXBuildFile; fileRef = E911A00620E4DE7300EA1E24 /* libstd-master.a */; };
		E9811D2B20E084180055EC5A /* glad.c in Sources */ = {isa = PBXBuildFile; fileRef = E9811D2A20E084180055EC5A /* glad.c */; };
		E9811D3A20E0855C0055EC5A /* c1_window.cpp in Sources */ = {isa = PBXBuildFile; fileRef = E9811D3520E084240055EC5A /* c1_window.cpp */; };
		E9811D3B20E085DF0055EC5A /* c2_triangle.cpp in Sources */ = {isa = PBXBuildFile; fileRef = E9811D3420E084240055EC5A /* c2_triangle.cpp */; };
		E9811D3C20E085EA0055EC5A /* c3_element_caching.cpp in Sources */ = {isa = PBXBuildFile; fileRef = E9811D3920E084240055EC5A /* c3_element_caching.cpp */; };
		E9811D3E20E0866A0055EC5A /* libglfw3.a in Frameworks */ = {isa = PBXBuildFile; fileRef = E9811D3D20E0866A0055EC5A /* libglfw3.a */; };
		E9811D3F20E086800055EC5A /* libglfw3.a in Frameworks */ = {isa = PBXBuildFile; fileRef = E9811D3D20E0866A0055EC5A /* libglfw3.a */; };
		E9811D4020E0868D0055EC5A /* libglfw3.a in Frameworks */ = {isa = PBXBuildFile; fileRef = E9811D3D20E0866A0055EC5A /* libglfw3.a */; };
		E9811D4C20E0881E0055EC5A /* Shader.h in Sources */ = {isa = PBXBuildFile; fileRef = E9811D3720E084240055EC5A /* Shader.h */; };
		E9811D4D20E0881E0055EC5A /* Shader.cpp in Sources */ = {isa = PBXBuildFile; fileRef = E9811D3820E084240055EC5A /* Shader.cpp */; };
		E9811D4E20E0883B0055EC5A /* libglad.a in Frameworks */ = {isa = PBXBuildFile; fileRef = E99A6E2D20DC935300E17145 /* libglad.a */; };
		E9811D5320E0A1550055EC5A /* main.cpp in Sources */ = {isa = PBXBuildFile; fileRef = E9811D5120E0A1550055EC5A /* main.cpp */; };
		E9811D5620E0C29C0055EC5A /* libglfw3.a in Frameworks */ = {isa = PBXBuildFile; fileRef = E9811D3D20E0866A0055EC5A /* libglfw3.a */; };
		E9811D5720E0C2AE0055EC5A /* Cocoa.framework in Frameworks */ = {isa = PBXBuildFile; fileRef = BC0DE32820DD4D45002AF617 /* Cocoa.framework */; };
		E9811D5820E0C2B60055EC5A /* CoreVideo.framework in Frameworks */ = {isa = PBXBuildFile; fileRef = BC0DE32C20DD4D79002AF617 /* CoreVideo.framework */; };
		E9811D5920E0C2BB0055EC5A /* IOKit.framework in Frameworks */ = {isa = PBXBuildFile; fileRef = BC0DE32A20DD4D59002AF617 /* IOKit.framework */; };
		E9811E3820E0E4150055EC5A /* ch4 in Resources */ = {isa = PBXBuildFile; fileRef = E9811E3720E0E4150055EC5A /* ch4 */; };
		E9811E3920E0E4220055EC5A /* ch4 in CopyFiles */ = {isa = PBXBuildFile; fileRef = E9811E3720E0E4150055EC5A /* ch4 */; };
		E9841D2420DB954B00FF0C84 /* OpenGL.framework in Frameworks */ = {isa = PBXBuildFile; fileRef = E95AB0442032BBA700DCF3C8 /* OpenGL.framework */; };
		E99A6E3E20DC94D900E17145 /* libglad.a in Frameworks */ = {isa = PBXBuildFile; fileRef = E99A6E2D20DC935300E17145 /* libglad.a */; };
		E9A6AE0020DCD5CC00776EE0 /* libglad.a in Frameworks */ = {isa = PBXBuildFile; fileRef = E99A6E2D20DC935300E17145 /* libglad.a */; };
		E9A6AE0320DCD60500776EE0 /* OpenGL.framework in Frameworks */ = {isa = PBXBuildFile; fileRef = E95AB0442032BBA700DCF3C8 /* OpenGL.framework */; };
		E9A6AE1220DCEC1400776EE0 /* libglad.a in Frameworks */ = {isa = PBXBuildFile; fileRef = E99A6E2D20DC935300E17145 /* libglad.a */; };
		E9A6AE1520DCEC4500776EE0 /* OpenGL.framework in Frameworks */ = {isa = PBXBuildFile; fileRef = E95AB0442032BBA700DCF3C8 /* OpenGL.framework */; };
		E9AF07D420E4D35000B01E31 /* CoreVideo.framework in Frameworks */ = {isa = PBXBuildFile; fileRef = BC0DE32C20DD4D79002AF617 /* CoreVideo.framework */; };
		E9AF07D520E4D35500B01E31 /* IOKit.framework in Frameworks */ = {isa = PBXBuildFile; fileRef = BC0DE32A20DD4D59002AF617 /* IOKit.framework */; };
		E9AF07D620E4D35C00B01E31 /* Cocoa.framework in Frameworks */ = {isa = PBXBuildFile; fileRef = BC0DE32820DD4D45002AF617 /* Cocoa.framework */; };
		E9AF07D720E4D36300B01E31 /* OpenGL.framework in Frameworks */ = {isa = PBXBuildFile; fileRef = E95AB0442032BBA700DCF3C8 /* OpenGL.framework */; };
		E9AF07D820E4D37100B01E31 /* libglfw3.a in Frameworks */ = {isa = PBXBuildFile; fileRef = E9811D3D20E0866A0055EC5A /* libglfw3.a */; };
		E9AF0A9920E4D41100B01E31 /* stb_vorbis.c in Sources */ = {isa = PBXBuildFile; fileRef = E9AF093420E4D41000B01E31 /* stb_vorbis.c */; };
		E9AF0A9A20E4D41100B01E31 /* README.md in Resources */ = {isa = PBXBuildFile; fileRef = E9AF093920E4D41000B01E31 /* README.md */; };
		E9F29E3220E366F500DB099F /* main.cpp in Sources */ = {isa = PBXBuildFile; fileRef = E9F29E3120E366F500DB099F /* main.cpp */; };
		E9F29E3320E3677B00DB099F /* Shader.h in Sources */ = {isa = PBXBuildFile; fileRef = E9811D3720E084240055EC5A /* Shader.h */; };
		E9F29E3420E3677B00DB099F /* Shader.cpp in Sources */ = {isa = PBXBuildFile; fileRef = E9811D3820E084240055EC5A /* Shader.cpp */; };
		E9F29E3520E367A300DB099F /* libglad.a in Frameworks */ = {isa = PBXBuildFile; fileRef = E99A6E2D20DC935300E17145 /* libglad.a */; };
		E9F29E7020E372DC00DB099F /* ch5 in CopyFiles */ = {isa = PBXBuildFile; fileRef = E9F29E6F20E372D000DB099F /* ch5 */; };
/* End PBXBuildFile section */

/* Begin PBXCopyFilesBuildPhase section */
		E9811D4320E0880C0055EC5A /* CopyFiles */ = {
			isa = PBXCopyFilesBuildPhase;
			buildActionMask = 12;
			dstPath = "";
			dstSubfolderSpec = 7;
			files = (
				E9811E3920E0E4220055EC5A /* ch4 in CopyFiles */,
			);
			runOnlyForDeploymentPostprocessing = 0;
		};
		E981457620E23B3D001819D9 /* CopyFiles */ = {
			isa = PBXCopyFilesBuildPhase;
			buildActionMask = 12;
			dstPath = "";
			dstSubfolderSpec = 7;
			files = (
				E9F29E7020E372DC00DB099F /* ch5 in CopyFiles */,
			);
			runOnlyForDeploymentPostprocessing = 0;
		};
		E9841D1B20DB945B00FF0C84 /* CopyFiles */ = {
			isa = PBXCopyFilesBuildPhase;
			buildActionMask = 2147483647;
			dstPath = /usr/share/man/man1/;
			dstSubfolderSpec = 0;
			files = (
			);
			runOnlyForDeploymentPostprocessing = 1;
		};
		E9A6ADE320DC9CC200776EE0 /* CopyFiles */ = {
			isa = PBXCopyFilesBuildPhase;
			buildActionMask = 2147483647;
			dstPath = /usr/share/man/man1/;
			dstSubfolderSpec = 0;
			files = (
			);
			runOnlyForDeploymentPostprocessing = 1;
		};
		E9A6AE0620DCDFB000776EE0 /* CopyFiles */ = {
			isa = PBXCopyFilesBuildPhase;
			buildActionMask = 2147483647;
			dstPath = /usr/share/man/man1/;
			dstSubfolderSpec = 0;
			files = (
			);
			runOnlyForDeploymentPostprocessing = 1;
		};
/* End PBXCopyFilesBuildPhase section */

/* Begin PBXFileReference section */
		BC0DE32820DD4D45002AF617 /* Cocoa.framework */ = {isa = PBXFileReference; lastKnownFileType = wrapper.framework; name = Cocoa.framework; path = System/Library/Frameworks/Cocoa.framework; sourceTree = SDKROOT; };
		BC0DE32A20DD4D59002AF617 /* IOKit.framework */ = {isa = PBXFileReference; lastKnownFileType = wrapper.framework; name = IOKit.framework; path = System/Library/Frameworks/IOKit.framework; sourceTree = SDKROOT; };
		BC0DE32C20DD4D79002AF617 /* CoreVideo.framework */ = {isa = PBXFileReference; lastKnownFileType = wrapper.framework; name = CoreVideo.framework; path = System/Library/Frameworks/CoreVideo.framework; sourceTree = SDKROOT; };
		E911A00620E4DE7300EA1E24 /* libstd-master.a */ = {isa = PBXFileReference; explicitFileType = archive.ar; includeInIndex = 0; path = "libstd-master.a"; sourceTree = BUILT_PRODUCTS_DIR; };
		E95AB0442032BBA700DCF3C8 /* OpenGL.framework */ = {isa = PBXFileReference; lastKnownFileType = wrapper.framework; name = OpenGL.framework; path = System/Library/Frameworks/OpenGL.framework; sourceTree = SDKROOT; };
		E95AB0462032BBAD00DCF3C8 /* GLUT.framework */ = {isa = PBXFileReference; lastKnownFileType = wrapper.framework; name = GLUT.framework; path = System/Library/Frameworks/GLUT.framework; sourceTree = SDKROOT; };
		E9811D2A20E084180055EC5A /* glad.c */ = {isa = PBXFileReference; fileEncoding = 4; lastKnownFileType = sourcecode.c.c; path = glad.c; sourceTree = "<group>"; };
		E9811D2F20E084240055EC5A /* hello.cpp */ = {isa = PBXFileReference; lastKnownFileType = sourcecode.cpp.cpp; path = hello.cpp; sourceTree = "<group>"; };
		E9811D3020E084240055EC5A /* double.cpp */ = {isa = PBXFileReference; lastKnownFileType = sourcecode.cpp.cpp; path = double.cpp; sourceTree = "<group>"; };
		E9811D3220E084240055EC5A /* mvarray.cpp */ = {isa = PBXFileReference; lastKnownFileType = sourcecode.cpp.cpp; path = mvarray.cpp; sourceTree = "<group>"; };
		E9811D3420E084240055EC5A /* c2_triangle.cpp */ = {isa = PBXFileReference; lastKnownFileType = sourcecode.cpp.cpp; path = c2_triangle.cpp; sourceTree = "<group>"; };
		E9811D3520E084240055EC5A /* c1_window.cpp */ = {isa = PBXFileReference; lastKnownFileType = sourcecode.cpp.cpp; path = c1_window.cpp; sourceTree = "<group>"; };
		E9811D3720E084240055EC5A /* Shader.h */ = {isa = PBXFileReference; lastKnownFileType = sourcecode.c.h; path = Shader.h; sourceTree = "<group>"; };
		E9811D3820E084240055EC5A /* Shader.cpp */ = {isa = PBXFileReference; lastKnownFileType = sourcecode.cpp.cpp; path = Shader.cpp; sourceTree = "<group>"; };
		E9811D3920E084240055EC5A /* c3_element_caching.cpp */ = {isa = PBXFileReference; lastKnownFileType = sourcecode.cpp.cpp; path = c3_element_caching.cpp; sourceTree = "<group>"; };
		E9811D3D20E0866A0055EC5A /* libglfw3.a */ = {isa = PBXFileReference; lastKnownFileType = archive.ar; name = libglfw3.a; path = ../library/lib/libglfw3.a; sourceTree = "<group>"; };
		E9811D4520E0880C0055EC5A /* c4_shader */ = {isa = PBXFileReference; explicitFileType = "compiled.mach-o.executable"; includeInIndex = 0; path = c4_shader; sourceTree = BUILT_PRODUCTS_DIR; };
		E9811D4F20E088D40055EC5A /* README.md */ = {isa = PBXFileReference; lastKnownFileType = net.daringfireball.markdown; name = README.md; path = ../README.md; sourceTree = "<group>"; };
		E9811D5020E094E10055EC5A /* note.md */ = {isa = PBXFileReference; lastKnownFileType = net.daringfireball.markdown; path = note.md; sourceTree = "<group>"; };
		E9811D5120E0A1550055EC5A /* main.cpp */ = {isa = PBXFileReference; lastKnownFileType = sourcecode.cpp.cpp; path = main.cpp; sourceTree = "<group>"; };
		E9811E3720E0E4150055EC5A /* ch4 */ = {isa = PBXFileReference; lastKnownFileType = folder; path = ch4; sourceTree = "<group>"; };
		E981457820E23B3D001819D9 /* c5_texture */ = {isa = PBXFileReference; explicitFileType = "compiled.mach-o.executable"; includeInIndex = 0; path = c5_texture; sourceTree = BUILT_PRODUCTS_DIR; };
		E9841D1D20DB945B00FF0C84 /* c1_window */ = {isa = PBXFileReference; explicitFileType = "compiled.mach-o.executable"; includeInIndex = 0; path = c1_window; sourceTree = BUILT_PRODUCTS_DIR; };
		E99A6E2D20DC935300E17145 /* libglad.a */ = {isa = PBXFileReference; explicitFileType = archive.ar; includeInIndex = 0; path = libglad.a; sourceTree = BUILT_PRODUCTS_DIR; };
		E9A6ADE520DC9CC200776EE0 /* c2_triangle */ = {isa = PBXFileReference; explicitFileType = "compiled.mach-o.executable"; includeInIndex = 0; path = c2_triangle; sourceTree = BUILT_PRODUCTS_DIR; };
		E9A6AE0820DCDFB000776EE0 /* c3_element_caching */ = {isa = PBXFileReference; explicitFileType = "compiled.mach-o.executable"; includeInIndex = 0; path = c3_element_caching; sourceTree = BUILT_PRODUCTS_DIR; };
		E9AF07D320E4C05800B01E31 /* note.md */ = {isa = PBXFileReference; lastKnownFileType = net.daringfireball.markdown; path = note.md; sourceTree = "<group>"; };
		E9AF093420E4D41000B01E31 /* stb_vorbis.c */ = {isa = PBXFileReference; fileEncoding = 4; lastKnownFileType = sourcecode.c.c; path = stb_vorbis.c; sourceTree = "<group>"; };
		E9AF093920E4D41000B01E31 /* README.md */ = {isa = PBXFileReference; fileEncoding = 4; lastKnownFileType = net.daringfireball.markdown; path = README.md; sourceTree = "<group>"; };
		E9F29E3120E366F500DB099F /* main.cpp */ = {isa = PBXFileReference; lastKnownFileType = sourcecode.cpp.cpp; path = main.cpp; sourceTree = "<group>"; };
		E9F29E6F20E372D000DB099F /* ch5 */ = {isa = PBXFileReference; lastKnownFileType = folder; path = ch5; sourceTree = "<group>"; };
/* End PBXFileReference section */

/* Begin PBXFrameworksBuildPhase section */
		E911A00320E4DE7300EA1E24 /* Frameworks */ = {
			isa = PBXFrameworksBuildPhase;
			buildActionMask = 2147483647;
			files = (
			);
			runOnlyForDeploymentPostprocessing = 0;
		};
		E9811D4220E0880C0055EC5A /* Frameworks */ = {
			isa = PBXFrameworksBuildPhase;
			buildActionMask = 2147483647;
			files = (
				E9811D5920E0C2BB0055EC5A /* IOKit.framework in Frameworks */,
				E9811D5820E0C2B60055EC5A /* CoreVideo.framework in Frameworks */,
				E9811D5720E0C2AE0055EC5A /* Cocoa.framework in Frameworks */,
				E9811D5620E0C29C0055EC5A /* libglfw3.a in Frameworks */,
				E9811D4E20E0883B0055EC5A /* libglad.a in Frameworks */,
			);
			runOnlyForDeploymentPostprocessing = 0;
		};
		E981457520E23B3D001819D9 /* Frameworks */ = {
			isa = PBXFrameworksBuildPhase;
			buildActionMask = 2147483647;
			files = (
				E911A01820E4DF5900EA1E24 /* libstd-master.a in Frameworks */,
				E9AF07D820E4D37100B01E31 /* libglfw3.a in Frameworks */,
				E9AF07D720E4D36300B01E31 /* OpenGL.framework in Frameworks */,
				E9AF07D620E4D35C00B01E31 /* Cocoa.framework in Frameworks */,
				E9AF07D520E4D35500B01E31 /* IOKit.framework in Frameworks */,
				E9AF07D420E4D35000B01E31 /* CoreVideo.framework in Frameworks */,
				E9F29E3520E367A300DB099F /* libglad.a in Frameworks */,
			);
			runOnlyForDeploymentPostprocessing = 0;
		};
		E9841D1A20DB945B00FF0C84 /* Frameworks */ = {
			isa = PBXFrameworksBuildPhase;
			buildActionMask = 2147483647;
			files = (
				E9811D3E20E0866A0055EC5A /* libglfw3.a in Frameworks */,
				BC0DE32D20DD4D79002AF617 /* CoreVideo.framework in Frameworks */,
				BC0DE32B20DD4D59002AF617 /* IOKit.framework in Frameworks */,
				BC0DE32920DD4D45002AF617 /* Cocoa.framework in Frameworks */,
				E99A6E3E20DC94D900E17145 /* libglad.a in Frameworks */,
				E9841D2420DB954B00FF0C84 /* OpenGL.framework in Frameworks */,
			);
			runOnlyForDeploymentPostprocessing = 0;
		};
		E99A6E2A20DC935300E17145 /* Frameworks */ = {
			isa = PBXFrameworksBuildPhase;
			buildActionMask = 2147483647;
			files = (
			);
			runOnlyForDeploymentPostprocessing = 0;
		};
		E9A6ADE220DC9CC200776EE0 /* Frameworks */ = {
			isa = PBXFrameworksBuildPhase;
			buildActionMask = 2147483647;
			files = (
				E9811D3F20E086800055EC5A /* libglfw3.a in Frameworks */,
				BC0DE33120DD4E08002AF617 /* CoreVideo.framework in Frameworks */,
				BC0DE33020DD4DF9002AF617 /* IOKit.framework in Frameworks */,
				BC0DE32E20DD4DBE002AF617 /* Cocoa.framework in Frameworks */,
				E9A6AE0320DCD60500776EE0 /* OpenGL.framework in Frameworks */,
				E9A6AE0020DCD5CC00776EE0 /* libglad.a in Frameworks */,
			);
			runOnlyForDeploymentPostprocessing = 0;
		};
		E9A6AE0520DCDFB000776EE0 /* Frameworks */ = {
			isa = PBXFrameworksBuildPhase;
			buildActionMask = 2147483647;
			files = (
				E9811D4020E0868D0055EC5A /* libglfw3.a in Frameworks */,
				BC0DE33420DD4E33002AF617 /* IOKit.framework in Frameworks */,
				BC0DE33320DD4E2E002AF617 /* Cocoa.framework in Frameworks */,
				BC0DE33220DD4E28002AF617 /* CoreVideo.framework in Frameworks */,
				E9A6AE1520DCEC4500776EE0 /* OpenGL.framework in Frameworks */,
				E9A6AE1220DCEC1400776EE0 /* libglad.a in Frameworks */,
			);
			runOnlyForDeploymentPostprocessing = 0;
		};
/* End PBXFrameworksBuildPhase section */

/* Begin PBXGroup section */
		E95AB0302032BAE800DCF3C8 = {
			isa = PBXGroup;
			children = (
				E9811D4F20E088D40055EC5A /* README.md */,
				E9AF07DB20E4D40F00B01E31 /* stb-master */,
				E9811D2920E084180055EC5A /* glad */,
				E9811D6F20E0CE7E0055EC5A /* Resources */,
				E9811D2C20E084240055EC5A /* src */,
				E95AB03A2032BAE800DCF3C8 /* Products */,
				E95AB0432032BBA700DCF3C8 /* Frameworks */,
			);
			sourceTree = "<group>";
		};
		E95AB03A2032BAE800DCF3C8 /* Products */ = {
			isa = PBXGroup;
			children = (
				E9841D1D20DB945B00FF0C84 /* c1_window */,
				E99A6E2D20DC935300E17145 /* libglad.a */,
				E9A6ADE520DC9CC200776EE0 /* c2_triangle */,
				E9A6AE0820DCDFB000776EE0 /* c3_element_caching */,
				E9811D4520E0880C0055EC5A /* c4_shader */,
				E981457820E23B3D001819D9 /* c5_texture */,
				E911A00620E4DE7300EA1E24 /* libstd-master.a */,
			);
			name = Products;
			sourceTree = "<group>";
		};
		E95AB0432032BBA700DCF3C8 /* Frameworks */ = {
			isa = PBXGroup;
			children = (
				E9811D3D20E0866A0055EC5A /* libglfw3.a */,
				BC0DE32C20DD4D79002AF617 /* CoreVideo.framework */,
				BC0DE32A20DD4D59002AF617 /* IOKit.framework */,
				BC0DE32820DD4D45002AF617 /* Cocoa.framework */,
				E95AB0462032BBAD00DCF3C8 /* GLUT.framework */,
				E95AB0442032BBA700DCF3C8 /* OpenGL.framework */,
			);
			name = Frameworks;
			sourceTree = "<group>";
		};
		E9811D2920E084180055EC5A /* glad */ = {
			isa = PBXGroup;
			children = (
				E9811D2A20E084180055EC5A /* glad.c */,
			);
			name = glad;
			path = ../glad;
			sourceTree = "<group>";
		};
		E9811D2C20E084240055EC5A /* src */ = {
			isa = PBXGroup;
			children = (
				E9811D2D20E084240055EC5A /* test */,
				E9811D3320E084240055EC5A /* example */,
			);
			name = src;
			path = ../src;
			sourceTree = "<group>";
		};
		E9811D2D20E084240055EC5A /* test */ = {
			isa = PBXGroup;
			children = (
				E9811D2E20E084240055EC5A /* c1 */,
				E9811D3120E084240055EC5A /* c2 */,
			);
			path = test;
			sourceTree = "<group>";
		};
		E9811D2E20E084240055EC5A /* c1 */ = {
			isa = PBXGroup;
			children = (
				E9811D2F20E084240055EC5A /* hello.cpp */,
				E9811D3020E084240055EC5A /* double.cpp */,
			);
			path = c1;
			sourceTree = "<group>";
		};
		E9811D3120E084240055EC5A /* c2 */ = {
			isa = PBXGroup;
			children = (
				E9811D3220E084240055EC5A /* mvarray.cpp */,
			);
			path = c2;
			sourceTree = "<group>";
		};
		E9811D3320E084240055EC5A /* example */ = {
			isa = PBXGroup;
			children = (
				E9811D3520E084240055EC5A /* c1_window.cpp */,
				E9811D3420E084240055EC5A /* c2_triangle.cpp */,
				E9811D3920E084240055EC5A /* c3_element_caching.cpp */,
				E9811D3620E084240055EC5A /* c4_shader */,
				E981458020E23B61001819D9 /* c5_texture */,
				E9811D6B20E0CC9A0055EC5A /* tool */,
			);
			path = example;
			sourceTree = "<group>";
		};
		E9811D3620E084240055EC5A /* c4_shader */ = {
			isa = PBXGroup;
			children = (
				E9811E3720E0E4150055EC5A /* ch4 */,
				E9811D3720E084240055EC5A /* Shader.h */,
				E9811D3820E084240055EC5A /* Shader.cpp */,
				E9811D5020E094E10055EC5A /* note.md */,
				E9811D5120E0A1550055EC5A /* main.cpp */,
			);
			path = c4_shader;
			sourceTree = "<group>";
		};
		E9811D6B20E0CC9A0055EC5A /* tool */ = {
			isa = PBXGroup;
			children = (
			);
			path = tool;
			sourceTree = "<group>";
		};
		E9811D6F20E0CE7E0055EC5A /* Resources */ = {
			isa = PBXGroup;
			children = (
			);
			name = Resources;
			path = ../Resources;
			sourceTree = "<group>";
		};
		E981458020E23B61001819D9 /* c5_texture */ = {
			isa = PBXGroup;
			children = (
				E9F29E6F20E372D000DB099F /* ch5 */,
				E9F29E3120E366F500DB099F /* main.cpp */,
				E9AF07D320E4C05800B01E31 /* note.md */,
			);
			path = c5_texture;
			sourceTree = "<group>";
		};
		E9AF07DB20E4D40F00B01E31 /* stb-master */ = {
			isa = PBXGroup;
			children = (
				E9AF093420E4D41000B01E31 /* stb_vorbis.c */,
				E9AF093920E4D41000B01E31 /* README.md */,
			);
			name = "stb-master";
			path = "../stb-master";
			sourceTree = "<group>";
		};
/* End PBXGroup section */

/* Begin PBXHeadersBuildPhase section */
		E911A00420E4DE7300EA1E24 /* Headers */ = {
			isa = PBXHeadersBuildPhase;
			buildActionMask = 2147483647;
			files = (
			);
			runOnlyForDeploymentPostprocessing = 0;
		};
		E99A6E2B20DC935300E17145 /* Headers */ = {
			isa = PBXHeadersBuildPhase;
			buildActionMask = 2147483647;
			files = (
			);
			runOnlyForDeploymentPostprocessing = 0;
		};
/* End PBXHeadersBuildPhase section */

/* Begin PBXNativeTarget section */
		E911A00520E4DE7300EA1E24 /* std-master */ = {
			isa = PBXNativeTarget;
			buildConfigurationList = E911A00E20E4DE7300EA1E24 /* Build configuration list for PBXNativeTarget "std-master" */;
			buildPhases = (
				E911A00220E4DE7300EA1E24 /* Sources */,
				E911A00320E4DE7300EA1E24 /* Frameworks */,
				E911A00420E4DE7300EA1E24 /* Headers */,
			);
			buildRules = (
			);
			dependencies = (
			);
			name = "std-master";
			productName = "std-master";
			productReference = E911A00620E4DE7300EA1E24 /* libstd-master.a */;
			productType = "com.apple.product-type.library.static";
		};
		E9811D4420E0880C0055EC5A /* c4_shader */ = {
			isa = PBXNativeTarget;
			buildConfigurationList = E9811D4920E0880C0055EC5A /* Build configuration list for PBXNativeTarget "c4_shader" */;
			buildPhases = (
				E9811D4120E0880C0055EC5A /* Sources */,
				E9811D4220E0880C0055EC5A /* Frameworks */,
				E9811D4320E0880C0055EC5A /* CopyFiles */,
				E9811E2C20E0D6780055EC5A /* Resources */,
			);
			buildRules = (
			);
			dependencies = (
			);
			name = c4_shader;
			productName = c4_shader;
			productReference = E9811D4520E0880C0055EC5A /* c4_shader */;
			productType = "com.apple.product-type.tool";
		};
		E981457720E23B3D001819D9 /* c5_texture */ = {
			isa = PBXNativeTarget;
			buildConfigurationList = E981457E20E23B3D001819D9 /* Build configuration list for PBXNativeTarget "c5_texture" */;
			buildPhases = (
				E981457420E23B3D001819D9 /* Sources */,
				E981457520E23B3D001819D9 /* Frameworks */,
				E981457620E23B3D001819D9 /* CopyFiles */,
			);
			buildRules = (
			);
			dependencies = (
			);
			name = c5_texture;
			productName = c5_texture;
			productReference = E981457820E23B3D001819D9 /* c5_texture */;
			productType = "com.apple.product-type.tool";
		};
		E9841D1C20DB945B00FF0C84 /* c1_window */ = {
			isa = PBXNativeTarget;
			buildConfigurationList = E9841D2120DB945B00FF0C84 /* Build configuration list for PBXNativeTarget "c1_window" */;
			buildPhases = (
				E9841D1920DB945B00FF0C84 /* Sources */,
				E9841D1A20DB945B00FF0C84 /* Frameworks */,
				E9841D1B20DB945B00FF0C84 /* CopyFiles */,
			);
			buildRules = (
			);
			dependencies = (
			);
			name = c1_window;
			productName = test;
			productReference = E9841D1D20DB945B00FF0C84 /* c1_window */;
			productType = "com.apple.product-type.tool";
		};
		E99A6E2C20DC935300E17145 /* glad */ = {
			isa = PBXNativeTarget;
			buildConfigurationList = E99A6E3720DC935300E17145 /* Build configuration list for PBXNativeTarget "glad" */;
			buildPhases = (
				E99A6E2920DC935300E17145 /* Sources */,
				E99A6E2A20DC935300E17145 /* Frameworks */,
				E99A6E2B20DC935300E17145 /* Headers */,
			);
			buildRules = (
			);
			dependencies = (
			);
			name = glad;
			productName = glad;
			productReference = E99A6E2D20DC935300E17145 /* libglad.a */;
			productType = "com.apple.product-type.library.static";
		};
		E9A6ADE420DC9CC200776EE0 /* c2_triangle */ = {
			isa = PBXNativeTarget;
			buildConfigurationList = E9A6ADE920DC9CC200776EE0 /* Build configuration list for PBXNativeTarget "c2_triangle" */;
			buildPhases = (
				E9A6ADE120DC9CC200776EE0 /* Sources */,
				E9A6ADE220DC9CC200776EE0 /* Frameworks */,
				E9A6ADE320DC9CC200776EE0 /* CopyFiles */,
			);
			buildRules = (
			);
			dependencies = (
			);
			name = c2_triangle;
			productName = c2_triangle;
			productReference = E9A6ADE520DC9CC200776EE0 /* c2_triangle */;
			productType = "com.apple.product-type.tool";
		};
		E9A6AE0720DCDFB000776EE0 /* c3_element_caching */ = {
			isa = PBXNativeTarget;
			buildConfigurationList = E9A6AE0C20DCDFB000776EE0 /* Build configuration list for PBXNativeTarget "c3_element_caching" */;
			buildPhases = (
				E9A6AE0420DCDFB000776EE0 /* Sources */,
				E9A6AE0520DCDFB000776EE0 /* Frameworks */,
				E9A6AE0620DCDFB000776EE0 /* CopyFiles */,
			);
			buildRules = (
			);
			dependencies = (
			);
			name = c3_element_caching;
			productName = c3_ElementCaching;
			productReference = E9A6AE0820DCDFB000776EE0 /* c3_element_caching */;
			productType = "com.apple.product-type.tool";
		};
/* End PBXNativeTarget section */

/* Begin PBXProject section */
		E95AB0312032BAE800DCF3C8 /* Project object */ = {
			isa = PBXProject;
			attributes = {
				KnownAssetTags = (
					New,
				);
				LastUpgradeCheck = 0920;
				ORGANIZATIONNAME = zuowu;
				TargetAttributes = {
					E911A00520E4DE7300EA1E24 = {
						CreatedOnToolsVersion = 9.4;
						ProvisioningStyle = Automatic;
					};
					E9811D4420E0880C0055EC5A = {
						CreatedOnToolsVersion = 9.4;
						ProvisioningStyle = Automatic;
					};
					E981457720E23B3D001819D9 = {
						CreatedOnToolsVersion = 9.4;
						ProvisioningStyle = Automatic;
					};
					E9841D1C20DB945B00FF0C84 = {
						CreatedOnToolsVersion = 9.4;
						ProvisioningStyle = Automatic;
					};
					E99A6E2C20DC935300E17145 = {
						CreatedOnToolsVersion = 9.4;
						ProvisioningStyle = Automatic;
					};
					E9A6ADE420DC9CC200776EE0 = {
						CreatedOnToolsVersion = 9.4;
						ProvisioningStyle = Automatic;
					};
					E9A6AE0720DCDFB000776EE0 = {
						CreatedOnToolsVersion = 9.4;
						ProvisioningStyle = Automatic;
					};
				};
			};
			buildConfigurationList = E95AB0342032BAE800DCF3C8 /* Build configuration list for PBXProject "GL" */;
			compatibilityVersion = "Xcode 8.0";
			developmentRegion = en;
			hasScannedForEncodings = 0;
			knownRegions = (
				en,
				Base,
			);
			mainGroup = E95AB0302032BAE800DCF3C8;
			productRefGroup = E95AB03A2032BAE800DCF3C8 /* Products */;
			projectDirPath = "";
			projectRoot = "";
			targets = (
				E99A6E2C20DC935300E17145 /* glad */,
				E9841D1C20DB945B00FF0C84 /* c1_window */,
				E9A6ADE420DC9CC200776EE0 /* c2_triangle */,
				E9A6AE0720DCDFB000776EE0 /* c3_element_caching */,
				E9811D4420E0880C0055EC5A /* c4_shader */,
				E981457720E23B3D001819D9 /* c5_texture */,
				E911A00520E4DE7300EA1E24 /* std-master */,
			);
		};
/* End PBXProject section */

/* Begin PBXResourcesBuildPhase section */
		E9811E2C20E0D6780055EC5A /* Resources */ = {
			isa = PBXResourcesBuildPhase;
			buildActionMask = 2147483647;
			files = (
				E9AF0A9A20E4D41100B01E31 /* README.md in Resources */,
				E9811E3820E0E4150055EC5A /* ch4 in Resources */,
			);
			runOnlyForDeploymentPostprocessing = 0;
		};
/* End PBXResourcesBuildPhase section */

/* Begin PBXSourcesBuildPhase section */
		E911A00220E4DE7300EA1E24 /* Sources */ = {
			isa = PBXSourcesBuildPhase;
			buildActionMask = 2147483647;
			files = (
				E911A01120E4DE8900EA1E24 /* stb_vorbis.c in Sources */,
			);
			runOnlyForDeploymentPostprocessing = 0;
		};
		E9811D4120E0880C0055EC5A /* Sources */ = {
			isa = PBXSourcesBuildPhase;
			buildActionMask = 2147483647;
			files = (
				E9811D4C20E0881E0055EC5A /* Shader.h in Sources */,
				E9811D4D20E0881E0055EC5A /* Shader.cpp in Sources */,
				E9811D5320E0A1550055EC5A /* main.cpp in Sources */,
				E9AF0A9920E4D41100B01E31 /* stb_vorbis.c in Sources */,
			);
			runOnlyForDeploymentPostprocessing = 0;
		};
		E981457420E23B3D001819D9 /* Sources */ = {
			isa = PBXSourcesBuildPhase;
			buildActionMask = 2147483647;
			files = (
				E9F29E3320E3677B00DB099F /* Shader.h in Sources */,
				E9F29E3420E3677B00DB099F /* Shader.cpp in Sources */,
				E9F29E3220E366F500DB099F /* main.cpp in Sources */,
			);
			runOnlyForDeploymentPostprocessing = 0;
		};
		E9841D1920DB945B00FF0C84 /* Sources */ = {
			isa = PBXSourcesBuildPhase;
			buildActionMask = 2147483647;
			files = (
				E9811D3A20E0855C0055EC5A /* c1_window.cpp in Sources */,
			);
			runOnlyForDeploymentPostprocessing = 0;
		};
		E99A6E2920DC935300E17145 /* Sources */ = {
			isa = PBXSourcesBuildPhase;
			buildActionMask = 2147483647;
			files = (
				E9811D2B20E084180055EC5A /* glad.c in Sources */,
			);
			runOnlyForDeploymentPostprocessing = 0;
		};
		E9A6ADE120DC9CC200776EE0 /* Sources */ = {
			isa = PBXSourcesBuildPhase;
			buildActionMask = 2147483647;
			files = (
				E9811D3B20E085DF0055EC5A /* c2_triangle.cpp in Sources */,
			);
			runOnlyForDeploymentPostprocessing = 0;
		};
		E9A6AE0420DCDFB000776EE0 /* Sources */ = {
			isa = PBXSourcesBuildPhase;
			buildActionMask = 2147483647;
			files = (
				E9811D3C20E085EA0055EC5A /* c3_element_caching.cpp in Sources */,
			);
			runOnlyForDeploymentPostprocessing = 0;
		};
/* End PBXSourcesBuildPhase section */

/* Begin XCBuildConfiguration section */
		E911A00F20E4DE7300EA1E24 /* Debug */ = {
			isa = XCBuildConfiguration;
			buildSettings = {
				CLANG_ENABLE_OBJC_WEAK = YES;
				CLANG_WARN_DEPRECATED_OBJC_IMPLEMENTATIONS = YES;
				CLANG_WARN_OBJC_IMPLICIT_RETAIN_SELF = YES;
				CODE_SIGN_IDENTITY = "Mac Developer";
				CODE_SIGN_STYLE = Automatic;
				DEVELOPMENT_TEAM = JC2EQSWR8C;
				EXECUTABLE_PREFIX = lib;
				GCC_ENABLE_CPP_EXCEPTIONS = YES;
				GCC_ENABLE_CPP_RTTI = YES;
				MACOSX_DEPLOYMENT_TARGET = 10.13;
				PRODUCT_NAME = "$(TARGET_NAME)";
				SKIP_INSTALL = YES;
			};
			name = Debug;
		};
		E911A01020E4DE7300EA1E24 /* Release */ = {
			isa = XCBuildConfiguration;
			buildSettings = {
				CLANG_ENABLE_OBJC_WEAK = YES;
				CLANG_WARN_DEPRECATED_OBJC_IMPLEMENTATIONS = YES;
				CLANG_WARN_OBJC_IMPLICIT_RETAIN_SELF = YES;
				CODE_SIGN_IDENTITY = "Mac Developer";
				CODE_SIGN_STYLE = Automatic;
				DEVELOPMENT_TEAM = JC2EQSWR8C;
				EXECUTABLE_PREFIX = lib;
				GCC_ENABLE_CPP_EXCEPTIONS = YES;
				GCC_ENABLE_CPP_RTTI = YES;
				MACOSX_DEPLOYMENT_TARGET = 10.13;
				PRODUCT_NAME = "$(TARGET_NAME)";
				SKIP_INSTALL = YES;
			};
			name = Release;
		};
		E95AB03E2032BAE800DCF3C8 /* Debug */ = {
			isa = XCBuildConfiguration;
			buildSettings = {
				ALWAYS_SEARCH_USER_PATHS = NO;
				CLANG_ANALYZER_NONNULL = YES;
				CLANG_ANALYZER_NUMBER_OBJECT_CONVERSION = YES_AGGRESSIVE;
				CLANG_CXX_LANGUAGE_STANDARD = "gnu++14";
				CLANG_CXX_LIBRARY = "libc++";
				CLANG_ENABLE_MODULES = YES;
				CLANG_ENABLE_OBJC_ARC = YES;
				CLANG_WARN_BLOCK_CAPTURE_AUTORELEASING = YES;
				CLANG_WARN_BOOL_CONVERSION = YES;
				CLANG_WARN_COMMA = YES;
				CLANG_WARN_CONSTANT_CONVERSION = YES;
				CLANG_WARN_DIRECT_OBJC_ISA_USAGE = YES_ERROR;
				CLANG_WARN_DOCUMENTATION_COMMENTS = YES;
				CLANG_WARN_EMPTY_BODY = YES;
				CLANG_WARN_ENUM_CONVERSION = YES;
				CLANG_WARN_INFINITE_RECURSION = YES;
				CLANG_WARN_INT_CONVERSION = YES;
				CLANG_WARN_NON_LITERAL_NULL_CONVERSION = YES;
				CLANG_WARN_OBJC_LITERAL_CONVERSION = YES;
				CLANG_WARN_OBJC_ROOT_CLASS = YES_ERROR;
				CLANG_WARN_RANGE_LOOP_ANALYSIS = YES;
				CLANG_WARN_STRICT_PROTOTYPES = YES;
				CLANG_WARN_SUSPICIOUS_MOVE = YES;
				CLANG_WARN_UNGUARDED_AVAILABILITY = YES_AGGRESSIVE;
				CLANG_WARN_UNREACHABLE_CODE = YES;
				CLANG_WARN__DUPLICATE_METHOD_MATCH = YES;
				CODE_SIGN_IDENTITY = "-";
				COPY_PHASE_STRIP = NO;
				DEBUG_INFORMATION_FORMAT = dwarf;
				ENABLE_STRICT_OBJC_MSGSEND = YES;
				ENABLE_TESTABILITY = YES;
				GCC_C_LANGUAGE_STANDARD = gnu11;
				GCC_DYNAMIC_NO_PIC = NO;
				GCC_NO_COMMON_BLOCKS = YES;
				GCC_OPTIMIZATION_LEVEL = 0;
				GCC_PREPROCESSOR_DEFINITIONS = (
					"DEBUG=1",
					"$(inherited)",
				);
				GCC_WARN_64_TO_32_BIT_CONVERSION = YES;
				GCC_WARN_ABOUT_RETURN_TYPE = YES_ERROR;
				GCC_WARN_UNDECLARED_SELECTOR = YES;
				GCC_WARN_UNINITIALIZED_AUTOS = YES_AGGRESSIVE;
				GCC_WARN_UNUSED_FUNCTION = YES;
				GCC_WARN_UNUSED_VARIABLE = YES;
				HEADER_SEARCH_PATHS = "$(PROJECT_DIR)/../library/include";
				LIBRARY_SEARCH_PATHS = "$(PROJECT_DIR)/../library/lib";
				MACOSX_DEPLOYMENT_TARGET = 10.9;
				MTL_ENABLE_DEBUG_INFO = YES;
				ONLY_ACTIVE_ARCH = YES;
				SDKROOT = macosx;
			};
			name = Debug;
		};
		E95AB03F2032BAE800DCF3C8 /* Release */ = {
			isa = XCBuildConfiguration;
			buildSettings = {
				ALWAYS_SEARCH_USER_PATHS = NO;
				CLANG_ANALYZER_NONNULL = YES;
				CLANG_ANALYZER_NUMBER_OBJECT_CONVERSION = YES_AGGRESSIVE;
				CLANG_CXX_LANGUAGE_STANDARD = "gnu++14";
				CLANG_CXX_LIBRARY = "libc++";
				CLANG_ENABLE_MODULES = YES;
				CLANG_ENABLE_OBJC_ARC = YES;
				CLANG_WARN_BLOCK_CAPTURE_AUTORELEASING = YES;
				CLANG_WARN_BOOL_CONVERSION = YES;
				CLANG_WARN_COMMA = YES;
				CLANG_WARN_CONSTANT_CONVERSION = YES;
				CLANG_WARN_DIRECT_OBJC_ISA_USAGE = YES_ERROR;
				CLANG_WARN_DOCUMENTATION_COMMENTS = YES;
				CLANG_WARN_EMPTY_BODY = YES;
				CLANG_WARN_ENUM_CONVERSION = YES;
				CLANG_WARN_INFINITE_RECURSION = YES;
				CLANG_WARN_INT_CONVERSION = YES;
				CLANG_WARN_NON_LITERAL_NULL_CONVERSION = YES;
				CLANG_WARN_OBJC_LITERAL_CONVERSION = YES;
				CLANG_WARN_OBJC_ROOT_CLASS = YES_ERROR;
				CLANG_WARN_RANGE_LOOP_ANALYSIS = YES;
				CLANG_WARN_STRICT_PROTOTYPES = YES;
				CLANG_WARN_SUSPICIOUS_MOVE = YES;
				CLANG_WARN_UNGUARDED_AVAILABILITY = YES_AGGRESSIVE;
				CLANG_WARN_UNREACHABLE_CODE = YES;
				CLANG_WARN__DUPLICATE_METHOD_MATCH = YES;
				CODE_SIGN_IDENTITY = "-";
				COPY_PHASE_STRIP = NO;
				DEBUG_INFORMATION_FORMAT = "dwarf-with-dsym";
				ENABLE_NS_ASSERTIONS = NO;
				ENABLE_STRICT_OBJC_MSGSEND = YES;
				GCC_C_LANGUAGE_STANDARD = gnu11;
				GCC_NO_COMMON_BLOCKS = YES;
				GCC_WARN_64_TO_32_BIT_CONVERSION = YES;
				GCC_WARN_ABOUT_RETURN_TYPE = YES_ERROR;
				GCC_WARN_UNDECLARED_SELECTOR = YES;
				GCC_WARN_UNINITIALIZED_AUTOS = YES_AGGRESSIVE;
				GCC_WARN_UNUSED_FUNCTION = YES;
				GCC_WARN_UNUSED_VARIABLE = YES;
				HEADER_SEARCH_PATHS = "$(PROJECT_DIR)/../library/include";
				LIBRARY_SEARCH_PATHS = "$(PROJECT_DIR)/../library/lib";
				MACOSX_DEPLOYMENT_TARGET = 10.9;
				MTL_ENABLE_DEBUG_INFO = NO;
				SDKROOT = macosx;
			};
			name = Release;
		};
		E9811D4A20E0880C0055EC5A /* Debug */ = {
			isa = XCBuildConfiguration;
			buildSettings = {
				ALWAYS_SEARCH_USER_PATHS = NO;
				CLANG_ENABLE_OBJC_WEAK = YES;
				CLANG_WARN_DEPRECATED_OBJC_IMPLEMENTATIONS = YES;
				CLANG_WARN_OBJC_IMPLICIT_RETAIN_SELF = YES;
				CODE_SIGN_IDENTITY = "Mac Developer";
				CODE_SIGN_STYLE = Automatic;
				DEVELOPMENT_TEAM = JC2EQSWR8C;
				MACOSX_DEPLOYMENT_TARGET = 10.13;
				PRODUCT_NAME = "$(TARGET_NAME)";
			};
			name = Debug;
		};
		E9811D4B20E0880C0055EC5A /* Release */ = {
			isa = XCBuildConfiguration;
			buildSettings = {
				ALWAYS_SEARCH_USER_PATHS = NO;
				CLANG_ENABLE_OBJC_WEAK = YES;
				CLANG_WARN_DEPRECATED_OBJC_IMPLEMENTATIONS = YES;
				CLANG_WARN_OBJC_IMPLICIT_RETAIN_SELF = YES;
				CODE_SIGN_IDENTITY = "Mac Developer";
				CODE_SIGN_STYLE = Automatic;
				DEVELOPMENT_TEAM = JC2EQSWR8C;
				MACOSX_DEPLOYMENT_TARGET = 10.13;
				PRODUCT_NAME = "$(TARGET_NAME)";
			};
			name = Release;
		};
		E981457C20E23B3D001819D9 /* Debug */ = {
			isa = XCBuildConfiguration;
			buildSettings = {
				CLANG_ENABLE_OBJC_WEAK = YES;
				CLANG_WARN_DEPRECATED_OBJC_IMPLEMENTATIONS = YES;
				CLANG_WARN_OBJC_IMPLICIT_RETAIN_SELF = YES;
				CODE_SIGN_IDENTITY = "Mac Developer";
				CODE_SIGN_STYLE = Automatic;
				DEVELOPMENT_TEAM = JC2EQSWR8C;
				MACOSX_DEPLOYMENT_TARGET = 10.13;
				PRODUCT_NAME = "$(TARGET_NAME)";
			};
			name = Debug;
		};
		E981457D20E23B3D001819D9 /* Release */ = {
			isa = XCBuildConfiguration;
			buildSettings = {
				CLANG_ENABLE_OBJC_WEAK = YES;
				CLANG_WARN_DEPRECATED_OBJC_IMPLEMENTATIONS = YES;
				CLANG_WARN_OBJC_IMPLICIT_RETAIN_SELF = YES;
				CODE_SIGN_IDENTITY = "Mac Developer";
				CODE_SIGN_STYLE = Automatic;
				DEVELOPMENT_TEAM = JC2EQSWR8C;
				MACOSX_DEPLOYMENT_TARGET = 10.13;
				PRODUCT_NAME = "$(TARGET_NAME)";
			};
			name = Release;
		};
		E9841D2220DB945B00FF0C84 /* Debug */ = {
			isa = XCBuildConfiguration;
			buildSettings = {
				CLANG_ENABLE_OBJC_WEAK = YES;
				CLANG_WARN_DEPRECATED_OBJC_IMPLEMENTATIONS = YES;
				CLANG_WARN_OBJC_IMPLICIT_RETAIN_SELF = YES;
				CODE_SIGN_IDENTITY = "Mac Developer";
				CODE_SIGN_STYLE = Automatic;
				DEVELOPMENT_TEAM = JC2EQSWR8C;
				HEADER_SEARCH_PATHS = "$(PROJECT_DIR)/../library/include";
				LIBRARY_SEARCH_PATHS = "$(PROJECT_DIR)/../library/lib";
				MACOSX_DEPLOYMENT_TARGET = 10.13;
				PRODUCT_NAME = "$(TARGET_NAME)";
			};
			name = Debug;
		};
		E9841D2320DB945B00FF0C84 /* Release */ = {
			isa = XCBuildConfiguration;
			buildSettings = {
				CLANG_ENABLE_OBJC_WEAK = YES;
				CLANG_WARN_DEPRECATED_OBJC_IMPLEMENTATIONS = YES;
				CLANG_WARN_OBJC_IMPLICIT_RETAIN_SELF = YES;
				CODE_SIGN_IDENTITY = "Mac Developer";
				CODE_SIGN_STYLE = Automatic;
				DEVELOPMENT_TEAM = JC2EQSWR8C;
				HEADER_SEARCH_PATHS = "$(PROJECT_DIR)/../library/include";
				LIBRARY_SEARCH_PATHS = "$(PROJECT_DIR)/../library/lib";
				MACOSX_DEPLOYMENT_TARGET = 10.13;
				PRODUCT_NAME = "$(TARGET_NAME)";
			};
			name = Release;
		};
		E99A6E3520DC935300E17145 /* Debug */ = {
			isa = XCBuildConfiguration;
			buildSettings = {
				CLANG_ENABLE_OBJC_WEAK = YES;
				CLANG_WARN_DEPRECATED_OBJC_IMPLEMENTATIONS = YES;
				CLANG_WARN_OBJC_IMPLICIT_RETAIN_SELF = YES;
				CODE_SIGN_IDENTITY = "Mac Developer";
				CODE_SIGN_STYLE = Automatic;
				DEVELOPMENT_TEAM = JC2EQSWR8C;
				EXECUTABLE_PREFIX = lib;
				GCC_ENABLE_CPP_EXCEPTIONS = YES;
				GCC_ENABLE_CPP_RTTI = YES;
				HEADER_SEARCH_PATHS = "$(PROJECT_DIR)/../library/include";
				LIBRARY_SEARCH_PATHS = "$(PROJECT_DIR)/../library/lib";
				MACOSX_DEPLOYMENT_TARGET = 10.13;
				PRODUCT_NAME = "$(TARGET_NAME)";
				SKIP_INSTALL = YES;
			};
			name = Debug;
		};
		E99A6E3620DC935300E17145 /* Release */ = {
			isa = XCBuildConfiguration;
			buildSettings = {
				CLANG_ENABLE_OBJC_WEAK = YES;
				CLANG_WARN_DEPRECATED_OBJC_IMPLEMENTATIONS = YES;
				CLANG_WARN_OBJC_IMPLICIT_RETAIN_SELF = YES;
				CODE_SIGN_IDENTITY = "Mac Developer";
				CODE_SIGN_STYLE = Automatic;
				DEVELOPMENT_TEAM = JC2EQSWR8C;
				EXECUTABLE_PREFIX = lib;
				GCC_ENABLE_CPP_EXCEPTIONS = YES;
				GCC_ENABLE_CPP_RTTI = YES;
				HEADER_SEARCH_PATHS = "$(PROJECT_DIR)/../library/include";
				LIBRARY_SEARCH_PATHS = "$(PROJECT_DIR)/../library/lib";
				MACOSX_DEPLOYMENT_TARGET = 10.13;
				PRODUCT_NAME = "$(TARGET_NAME)";
				SKIP_INSTALL = YES;
			};
			name = Release;
		};
		E9A6ADEA20DC9CC200776EE0 /* Debug */ = {
			isa = XCBuildConfiguration;
			buildSettings = {
				CLANG_ENABLE_OBJC_WEAK = YES;
				CLANG_WARN_DEPRECATED_OBJC_IMPLEMENTATIONS = YES;
				CLANG_WARN_OBJC_IMPLICIT_RETAIN_SELF = YES;
				CODE_SIGN_IDENTITY = "Mac Developer";
				CODE_SIGN_STYLE = Automatic;
				DEVELOPMENT_TEAM = JC2EQSWR8C;
				MACOSX_DEPLOYMENT_TARGET = 10.13;
				PRODUCT_NAME = "$(TARGET_NAME)";
			};
			name = Debug;
		};
		E9A6ADEB20DC9CC200776EE0 /* Release */ = {
			isa = XCBuildConfiguration;
			buildSettings = {
				CLANG_ENABLE_OBJC_WEAK = YES;
				CLANG_WARN_DEPRECATED_OBJC_IMPLEMENTATIONS = YES;
				CLANG_WARN_OBJC_IMPLICIT_RETAIN_SELF = YES;
				CODE_SIGN_IDENTITY = "Mac Developer";
				CODE_SIGN_STYLE = Automatic;
				DEVELOPMENT_TEAM = JC2EQSWR8C;
				MACOSX_DEPLOYMENT_TARGET = 10.13;
				PRODUCT_NAME = "$(TARGET_NAME)";
			};
			name = Release;
		};
		E9A6AE0D20DCDFB000776EE0 /* Debug */ = {
			isa = XCBuildConfiguration;
			buildSettings = {
				CLANG_ENABLE_OBJC_WEAK = YES;
				CLANG_WARN_DEPRECATED_OBJC_IMPLEMENTATIONS = YES;
				CLANG_WARN_OBJC_IMPLICIT_RETAIN_SELF = YES;
				CODE_SIGN_IDENTITY = "Mac Developer";
				CODE_SIGN_STYLE = Automatic;
				DEVELOPMENT_TEAM = JC2EQSWR8C;
				MACOSX_DEPLOYMENT_TARGET = 10.13;
				PRODUCT_NAME = "$(TARGET_NAME)";
			};
			name = Debug;
		};
		E9A6AE0E20DCDFB000776EE0 /* Release */ = {
			isa = XCBuildConfiguration;
			buildSettings = {
				CLANG_ENABLE_OBJC_WEAK = YES;
				CLANG_WARN_DEPRECATED_OBJC_IMPLEMENTATIONS = YES;
				CLANG_WARN_OBJC_IMPLICIT_RETAIN_SELF = YES;
				CODE_SIGN_IDENTITY = "Mac Developer";
				CODE_SIGN_STYLE = Automatic;
				DEVELOPMENT_TEAM = JC2EQSWR8C;
				MACOSX_DEPLOYMENT_TARGET = 10.13;
				PRODUCT_NAME = "$(TARGET_NAME)";
			};
			name = Release;
		};
/* End XCBuildConfiguration section */

/* Begin XCConfigurationList section */
		E911A00E20E4DE7300EA1E24 /* Build configuration list for PBXNativeTarget "std-master" */ = {
			isa = XCConfigurationList;
			buildConfigurations = (
				E911A00F20E4DE7300EA1E24 /* Debug */,
				E911A01020E4DE7300EA1E24 /* Release */,
			);
			defaultConfigurationIsVisible = 0;
			defaultConfigurationName = Release;
		};
		E95AB0342032BAE800DCF3C8 /* Build configuration list for PBXProject "GL" */ = {
			isa = XCConfigurationList;
			buildConfigurations = (
				E95AB03E2032BAE800DCF3C8 /* Debug */,
				E95AB03F2032BAE800DCF3C8 /* Release */,
			);
			defaultConfigurationIsVisible = 0;
			defaultConfigurationName = Release;
		};
		E9811D4920E0880C0055EC5A /* Build configuration list for PBXNativeTarget "c4_shader" */ = {
			isa = XCConfigurationList;
			buildConfigurations = (
				E9811D4A20E0880C0055EC5A /* Debug */,
				E9811D4B20E0880C0055EC5A /* Release */,
			);
			defaultConfigurationIsVisible = 0;
			defaultConfigurationName = Release;
		};
		E981457E20E23B3D001819D9 /* Build configuration list for PBXNativeTarget "c5_texture" */ = {
			isa = XCConfigurationList;
			buildConfigurations = (
				E981457C20E23B3D001819D9 /* Debug */,
				E981457D20E23B3D001819D9 /* Release */,
			);
			defaultConfigurationIsVisible = 0;
			defaultConfigurationName = Release;
		};
		E9841D2120DB945B00FF0C84 /* Build configuration list for PBXNativeTarget "c1_window" */ = {
			isa = XCConfigurationList;
			buildConfigurations = (
				E9841D2220DB945B00FF0C84 /* Debug */,
				E9841D2320DB945B00FF0C84 /* Release */,
			);
			defaultConfigurationIsVisible = 0;
			defaultConfigurationName = Release;
		};
		E99A6E3720DC935300E17145 /* Build configuration list for PBXNativeTarget "glad" */ = {
			isa = XCConfigurationList;
			buildConfigurations = (
				E99A6E3520DC935300E17145 /* Debug */,
				E99A6E3620DC935300E17145 /* Release */,
			);
			defaultConfigurationIsVisible = 0;
			defaultConfigurationName = Release;
		};
		E9A6ADE920DC9CC200776EE0 /* Build configuration list for PBXNativeTarget "c2_triangle" */ = {
			isa = XCConfigurationList;
			buildConfigurations = (
				E9A6ADEA20DC9CC200776EE0 /* Debug */,
				E9A6ADEB20DC9CC200776EE0 /* Release */,
			);
			defaultConfigurationIsVisible = 0;
			defaultConfigurationName = Release;
		};
		E9A6AE0C20DCDFB000776EE0 /* Build configuration list for PBXNativeTarget "c3_element_caching" */ = {
			isa = XCConfigurationList;
			buildConfigurations = (
				E9A6AE0D20DCDFB000776EE0 /* Debug */,
				E9A6AE0E20DCDFB000776EE0 /* Release */,
			);
			defaultConfigurationIsVisible = 0;
			defaultConfigurationName = Release;
		};
/* End XCConfigurationList section */
	};
	rootObject = E95AB0312032BAE800DCF3C8 /* Project object */;
}
