// !$*UTF8*$!
{
	archiveVersion = 1;
	classes = {
	};
	objectVersion = 48;
	objects = {

/* Begin PBXBuildFile section */
		E9841D2420DB954B00FF0C84 /* OpenGL.framework in Frameworks */ = {isa = PBXBuildFile; fileRef = E95AB0442032BBA700DCF3C8 /* OpenGL.framework */; };
		E9841D2D20DBA27F00FF0C84 /* libglfw.3.2.dylib in Frameworks */ = {isa = PBXBuildFile; fileRef = E9841D2C20DBA27F00FF0C84 /* libglfw.3.2.dylib */; };
		E9841D3520DBBAAE00FF0C84 /* libGLEW.2.1.0.dylib in Frameworks */ = {isa = PBXBuildFile; fileRef = E9841D3420DBBAAE00FF0C84 /* libGLEW.2.1.0.dylib */; };
		E99A6E3C20DC940E00E17145 /* glad.c in Sources */ = {isa = PBXBuildFile; fileRef = E99A6E3A20DC940E00E17145 /* glad.c */; };
		E99A6E3E20DC94D900E17145 /* libglad.a in Frameworks */ = {isa = PBXBuildFile; fileRef = E99A6E2D20DC935300E17145 /* libglad.a */; };
		E99A6E4F20DC9B4F00E17145 /* c1_window.cpp in Sources */ = {isa = PBXBuildFile; fileRef = E99A6E4E20DC9B3C00E17145 /* c1_window.cpp */; };
		E9A6ADEC20DC9CD400776EE0 /* c2_triangle.cpp in Sources */ = {isa = PBXBuildFile; fileRef = E9A6ADE020DC9CA300776EE0 /* c2_triangle.cpp */; };
		E9A6AE0020DCD5CC00776EE0 /* libglad.a in Frameworks */ = {isa = PBXBuildFile; fileRef = E99A6E2D20DC935300E17145 /* libglad.a */; };
		E9A6AE0120DCD5F500776EE0 /* libglfw.3.2.dylib in Frameworks */ = {isa = PBXBuildFile; fileRef = E9841D2C20DBA27F00FF0C84 /* libglfw.3.2.dylib */; };
		E9A6AE0220DCD5FF00776EE0 /* libGLEW.2.1.0.dylib in Frameworks */ = {isa = PBXBuildFile; fileRef = E9841D3420DBBAAE00FF0C84 /* libGLEW.2.1.0.dylib */; };
		E9A6AE0320DCD60500776EE0 /* OpenGL.framework in Frameworks */ = {isa = PBXBuildFile; fileRef = E95AB0442032BBA700DCF3C8 /* OpenGL.framework */; };
		E9A6AE1120DCDFD700776EE0 /* c3_element_caching.cpp in Sources */ = {isa = PBXBuildFile; fileRef = E9A6AE0F20DCDFD700776EE0 /* c3_element_caching.cpp */; };
		E9A6AE1220DCEC1400776EE0 /* libglad.a in Frameworks */ = {isa = PBXBuildFile; fileRef = E99A6E2D20DC935300E17145 /* libglad.a */; };
		E9A6AE1320DCEC2F00776EE0 /* libGLEW.2.1.0.dylib in Frameworks */ = {isa = PBXBuildFile; fileRef = E9841D3420DBBAAE00FF0C84 /* libGLEW.2.1.0.dylib */; };
		E9A6AE1420DCEC3B00776EE0 /* libglfw.3.2.dylib in Frameworks */ = {isa = PBXBuildFile; fileRef = E9841D2C20DBA27F00FF0C84 /* libglfw.3.2.dylib */; };
		E9A6AE1520DCEC4500776EE0 /* OpenGL.framework in Frameworks */ = {isa = PBXBuildFile; fileRef = E95AB0442032BBA700DCF3C8 /* OpenGL.framework */; };
/* End PBXBuildFile section */

/* Begin PBXCopyFilesBuildPhase section */
		E9841D1B20DB945B00FF0C84 /* CopyFiles */ = {
			isa = PBXCopyFilesBuildPhase;
			buildActionMask = 2147483647;
			dstPath = /usr/share/man/man1/;
			dstSubfolderSpec = 0;
			files = (
			);
			runOnlyForDeploymentPostprocessing = 1;
		};
		E9A6ADE320DC9CC200776EE0 /* CopyFiles */ = {
			isa = PBXCopyFilesBuildPhase;
			buildActionMask = 2147483647;
			dstPath = /usr/share/man/man1/;
			dstSubfolderSpec = 0;
			files = (
			);
			runOnlyForDeploymentPostprocessing = 1;
		};
		E9A6AE0620DCDFB000776EE0 /* CopyFiles */ = {
			isa = PBXCopyFilesBuildPhase;
			buildActionMask = 2147483647;
			dstPath = /usr/share/man/man1/;
			dstSubfolderSpec = 0;
			files = (
			);
			runOnlyForDeploymentPostprocessing = 1;
		};
/* End PBXCopyFilesBuildPhase section */

/* Begin PBXFileReference section */
		E95AB0442032BBA700DCF3C8 /* OpenGL.framework */ = {isa = PBXFileReference; lastKnownFileType = wrapper.framework; name = OpenGL.framework; path = System/Library/Frameworks/OpenGL.framework; sourceTree = SDKROOT; };
		E95AB0462032BBAD00DCF3C8 /* GLUT.framework */ = {isa = PBXFileReference; lastKnownFileType = wrapper.framework; name = GLUT.framework; path = System/Library/Frameworks/GLUT.framework; sourceTree = SDKROOT; };
		E9841D1D20DB945B00FF0C84 /* c1_window */ = {isa = PBXFileReference; explicitFileType = "compiled.mach-o.executable"; includeInIndex = 0; path = c1_window; sourceTree = BUILT_PRODUCTS_DIR; };
		E9841D2520DB96C300FF0C84 /* README.md */ = {isa = PBXFileReference; lastKnownFileType = net.daringfireball.markdown; path = README.md; sourceTree = "<group>"; };
		E9841D2C20DBA27F00FF0C84 /* libglfw.3.2.dylib */ = {isa = PBXFileReference; lastKnownFileType = "compiled.mach-o.dylib"; name = libglfw.3.2.dylib; path = library/lib/libglfw.3.2.dylib; sourceTree = "<group>"; };
		E9841D3420DBBAAE00FF0C84 /* libGLEW.2.1.0.dylib */ = {isa = PBXFileReference; lastKnownFileType = "compiled.mach-o.dylib"; name = libGLEW.2.1.0.dylib; path = library/lib/libGLEW.2.1.0.dylib; sourceTree = "<group>"; };
		E99A6E2D20DC935300E17145 /* libglad.a */ = {isa = PBXFileReference; explicitFileType = archive.ar; includeInIndex = 0; path = libglad.a; sourceTree = BUILT_PRODUCTS_DIR; };
		E99A6E3A20DC940E00E17145 /* glad.c */ = {isa = PBXFileReference; fileEncoding = 4; lastKnownFileType = sourcecode.c.c; path = glad.c; sourceTree = "<group>"; };
		E99A6E4820DC9AAE00E17145 /* hello.cpp */ = {isa = PBXFileReference; lastKnownFileType = sourcecode.cpp.cpp; path = hello.cpp; sourceTree = "<group>"; };
		E99A6E4920DC9AAE00E17145 /* double.cpp */ = {isa = PBXFileReference; lastKnownFileType = sourcecode.cpp.cpp; path = double.cpp; sourceTree = "<group>"; };
		E99A6E4B20DC9AAE00E17145 /* mvarray.cpp */ = {isa = PBXFileReference; lastKnownFileType = sourcecode.cpp.cpp; path = mvarray.cpp; sourceTree = "<group>"; };
		E99A6E4E20DC9B3C00E17145 /* c1_window.cpp */ = {isa = PBXFileReference; lastKnownFileType = sourcecode.cpp.cpp; path = c1_window.cpp; sourceTree = "<group>"; };
		E9A6ADE020DC9CA300776EE0 /* c2_triangle.cpp */ = {isa = PBXFileReference; lastKnownFileType = sourcecode.cpp.cpp; path = c2_triangle.cpp; sourceTree = "<group>"; };
		E9A6ADE520DC9CC200776EE0 /* c2_triangle */ = {isa = PBXFileReference; explicitFileType = "compiled.mach-o.executable"; includeInIndex = 0; path = c2_triangle; sourceTree = BUILT_PRODUCTS_DIR; };
		E9A6AE0820DCDFB000776EE0 /* c3_element_caching */ = {isa = PBXFileReference; explicitFileType = "compiled.mach-o.executable"; includeInIndex = 0; path = c3_element_caching; sourceTree = BUILT_PRODUCTS_DIR; };
		E9A6AE0F20DCDFD700776EE0 /* c3_element_caching.cpp */ = {isa = PBXFileReference; lastKnownFileType = sourcecode.cpp.cpp; path = c3_element_caching.cpp; sourceTree = "<group>"; };
/* End PBXFileReference section */

/* Begin PBXFrameworksBuildPhase section */
		E9841D1A20DB945B00FF0C84 /* Frameworks */ = {
			isa = PBXFrameworksBuildPhase;
			buildActionMask = 2147483647;
			files = (
				E99A6E3E20DC94D900E17145 /* libglad.a in Frameworks */,
				E9841D3520DBBAAE00FF0C84 /* libGLEW.2.1.0.dylib in Frameworks */,
				E9841D2D20DBA27F00FF0C84 /* libglfw.3.2.dylib in Frameworks */,
				E9841D2420DB954B00FF0C84 /* OpenGL.framework in Frameworks */,
			);
			runOnlyForDeploymentPostprocessing = 0;
		};
		E99A6E2A20DC935300E17145 /* Frameworks */ = {
			isa = PBXFrameworksBuildPhase;
			buildActionMask = 2147483647;
			files = (
			);
			runOnlyForDeploymentPostprocessing = 0;
		};
		E9A6ADE220DC9CC200776EE0 /* Frameworks */ = {
			isa = PBXFrameworksBuildPhase;
			buildActionMask = 2147483647;
			files = (
				E9A6AE0320DCD60500776EE0 /* OpenGL.framework in Frameworks */,
				E9A6AE0220DCD5FF00776EE0 /* libGLEW.2.1.0.dylib in Frameworks */,
				E9A6AE0120DCD5F500776EE0 /* libglfw.3.2.dylib in Frameworks */,
				E9A6AE0020DCD5CC00776EE0 /* libglad.a in Frameworks */,
			);
			runOnlyForDeploymentPostprocessing = 0;
		};
		E9A6AE0520DCDFB000776EE0 /* Frameworks */ = {
			isa = PBXFrameworksBuildPhase;
			buildActionMask = 2147483647;
			files = (
				E9A6AE1520DCEC4500776EE0 /* OpenGL.framework in Frameworks */,
				E9A6AE1420DCEC3B00776EE0 /* libglfw.3.2.dylib in Frameworks */,
				E9A6AE1320DCEC2F00776EE0 /* libGLEW.2.1.0.dylib in Frameworks */,
				E9A6AE1220DCEC1400776EE0 /* libglad.a in Frameworks */,
			);
			runOnlyForDeploymentPostprocessing = 0;
		};
/* End PBXFrameworksBuildPhase section */

/* Begin PBXGroup section */
		E95AB0302032BAE800DCF3C8 = {
			isa = PBXGroup;
			children = (
				E9841D2520DB96C300FF0C84 /* README.md */,
				E99A6E3920DC93F700E17145 /* glad */,
				E99A6E3F20DC9A6900E17145 /* src */,
				E95AB03A2032BAE800DCF3C8 /* Products */,
				E95AB0432032BBA700DCF3C8 /* Frameworks */,
			);
			sourceTree = "<group>";
		};
		E95AB03A2032BAE800DCF3C8 /* Products */ = {
			isa = PBXGroup;
			children = (
				E9841D1D20DB945B00FF0C84 /* c1_window */,
				E99A6E2D20DC935300E17145 /* libglad.a */,
				E9A6ADE520DC9CC200776EE0 /* c2_triangle */,
				E9A6AE0820DCDFB000776EE0 /* c3_element_caching */,
			);
			name = Products;
			sourceTree = "<group>";
		};
		E95AB0432032BBA700DCF3C8 /* Frameworks */ = {
			isa = PBXGroup;
			children = (
				E9841D3420DBBAAE00FF0C84 /* libGLEW.2.1.0.dylib */,
				E9841D2C20DBA27F00FF0C84 /* libglfw.3.2.dylib */,
				E95AB0462032BBAD00DCF3C8 /* GLUT.framework */,
				E95AB0442032BBA700DCF3C8 /* OpenGL.framework */,
			);
			name = Frameworks;
			sourceTree = "<group>";
		};
		E99A6E3920DC93F700E17145 /* glad */ = {
			isa = PBXGroup;
			children = (
				E99A6E3A20DC940E00E17145 /* glad.c */,
			);
			path = glad;
			sourceTree = "<group>";
		};
		E99A6E3F20DC9A6900E17145 /* src */ = {
			isa = PBXGroup;
			children = (
				E99A6E4C20DC9B3C00E17145 /* example */,
				E99A6E4620DC9AAE00E17145 /* test */,
			);
			path = src;
			sourceTree = "<group>";
		};
		E99A6E4620DC9AAE00E17145 /* test */ = {
			isa = PBXGroup;
			children = (
				E99A6E4720DC9AAE00E17145 /* c1 */,
				E99A6E4A20DC9AAE00E17145 /* c2 */,
			);
			path = test;
			sourceTree = "<group>";
		};
		E99A6E4720DC9AAE00E17145 /* c1 */ = {
			isa = PBXGroup;
			children = (
				E99A6E4820DC9AAE00E17145 /* hello.cpp */,
				E99A6E4920DC9AAE00E17145 /* double.cpp */,
			);
			path = c1;
			sourceTree = "<group>";
		};
		E99A6E4A20DC9AAE00E17145 /* c2 */ = {
			isa = PBXGroup;
			children = (
				E99A6E4B20DC9AAE00E17145 /* mvarray.cpp */,
			);
			path = c2;
			sourceTree = "<group>";
		};
		E99A6E4C20DC9B3C00E17145 /* example */ = {
			isa = PBXGroup;
			children = (
				E99A6E4E20DC9B3C00E17145 /* c1_window.cpp */,
				E9A6ADE020DC9CA300776EE0 /* c2_triangle.cpp */,
				E9A6AE0F20DCDFD700776EE0 /* c3_element_caching.cpp */,
			);
			path = example;
			sourceTree = "<group>";
		};
/* End PBXGroup section */

/* Begin PBXHeadersBuildPhase section */
		E99A6E2B20DC935300E17145 /* Headers */ = {
			isa = PBXHeadersBuildPhase;
			buildActionMask = 2147483647;
			files = (
			);
			runOnlyForDeploymentPostprocessing = 0;
		};
/* End PBXHeadersBuildPhase section */

/* Begin PBXNativeTarget section */
		E9841D1C20DB945B00FF0C84 /* c1_window */ = {
			isa = PBXNativeTarget;
			buildConfigurationList = E9841D2120DB945B00FF0C84 /* Build configuration list for PBXNativeTarget "c1_window" */;
			buildPhases = (
				E9841D1920DB945B00FF0C84 /* Sources */,
				E9841D1A20DB945B00FF0C84 /* Frameworks */,
				E9841D1B20DB945B00FF0C84 /* CopyFiles */,
			);
			buildRules = (
			);
			dependencies = (
			);
			name = c1_window;
			productName = test;
			productReference = E9841D1D20DB945B00FF0C84 /* c1_window */;
			productType = "com.apple.product-type.tool";
		};
		E99A6E2C20DC935300E17145 /* glad */ = {
			isa = PBXNativeTarget;
			buildConfigurationList = E99A6E3720DC935300E17145 /* Build configuration list for PBXNativeTarget "glad" */;
			buildPhases = (
				E99A6E2920DC935300E17145 /* Sources */,
				E99A6E2A20DC935300E17145 /* Frameworks */,
				E99A6E2B20DC935300E17145 /* Headers */,
			);
			buildRules = (
			);
			dependencies = (
			);
			name = glad;
			productName = glad;
			productReference = E99A6E2D20DC935300E17145 /* libglad.a */;
			productType = "com.apple.product-type.library.static";
		};
		E9A6ADE420DC9CC200776EE0 /* c2_triangle */ = {
			isa = PBXNativeTarget;
			buildConfigurationList = E9A6ADE920DC9CC200776EE0 /* Build configuration list for PBXNativeTarget "c2_triangle" */;
			buildPhases = (
				E9A6ADE120DC9CC200776EE0 /* Sources */,
				E9A6ADE220DC9CC200776EE0 /* Frameworks */,
				E9A6ADE320DC9CC200776EE0 /* CopyFiles */,
			);
			buildRules = (
			);
			dependencies = (
			);
			name = c2_triangle;
			productName = c2_triangle;
			productReference = E9A6ADE520DC9CC200776EE0 /* c2_triangle */;
			productType = "com.apple.product-type.tool";
		};
		E9A6AE0720DCDFB000776EE0 /* c3_element_caching */ = {
			isa = PBXNativeTarget;
			buildConfigurationList = E9A6AE0C20DCDFB000776EE0 /* Build configuration list for PBXNativeTarget "c3_element_caching" */;
			buildPhases = (
				E9A6AE0420DCDFB000776EE0 /* Sources */,
				E9A6AE0520DCDFB000776EE0 /* Frameworks */,
				E9A6AE0620DCDFB000776EE0 /* CopyFiles */,
			);
			buildRules = (
			);
			dependencies = (
			);
			name = c3_element_caching;
			productName = c3_ElementCaching;
			productReference = E9A6AE0820DCDFB000776EE0 /* c3_element_caching */;
			productType = "com.apple.product-type.tool";
		};
/* End PBXNativeTarget section */

/* Begin PBXProject section */
		E95AB0312032BAE800DCF3C8 /* Project object */ = {
			isa = PBXProject;
			attributes = {
				LastUpgradeCheck = 0920;
				ORGANIZATIONNAME = zuowu;
				TargetAttributes = {
					E9841D1C20DB945B00FF0C84 = {
						CreatedOnToolsVersion = 9.4;
						ProvisioningStyle = Automatic;
					};
					E99A6E2C20DC935300E17145 = {
						CreatedOnToolsVersion = 9.4;
						ProvisioningStyle = Automatic;
					};
					E9A6ADE420DC9CC200776EE0 = {
						CreatedOnToolsVersion = 9.4;
						ProvisioningStyle = Automatic;
					};
					E9A6AE0720DCDFB000776EE0 = {
						CreatedOnToolsVersion = 9.4;
						ProvisioningStyle = Automatic;
					};
				};
			};
			buildConfigurationList = E95AB0342032BAE800DCF3C8 /* Build configuration list for PBXProject "GL" */;
			compatibilityVersion = "Xcode 8.0";
			developmentRegion = en;
			hasScannedForEncodings = 0;
			knownRegions = (
				en,
			);
			mainGroup = E95AB0302032BAE800DCF3C8;
			productRefGroup = E95AB03A2032BAE800DCF3C8 /* Products */;
			projectDirPath = "";
			projectRoot = "";
			targets = (
				E99A6E2C20DC935300E17145 /* glad */,
				E9841D1C20DB945B00FF0C84 /* c1_window */,
				E9A6ADE420DC9CC200776EE0 /* c2_triangle */,
				E9A6AE0720DCDFB000776EE0 /* c3_element_caching */,
			);
		};
/* End PBXProject section */

/* Begin PBXSourcesBuildPhase section */
		E9841D1920DB945B00FF0C84 /* Sources */ = {
			isa = PBXSourcesBuildPhase;
			buildActionMask = 2147483647;
			files = (
				E99A6E4F20DC9B4F00E17145 /* c1_window.cpp in Sources */,
			);
			runOnlyForDeploymentPostprocessing = 0;
		};
		E99A6E2920DC935300E17145 /* Sources */ = {
			isa = PBXSourcesBuildPhase;
			buildActionMask = 2147483647;
			files = (
				E99A6E3C20DC940E00E17145 /* glad.c in Sources */,
			);
			runOnlyForDeploymentPostprocessing = 0;
		};
		E9A6ADE120DC9CC200776EE0 /* Sources */ = {
			isa = PBXSourcesBuildPhase;
			buildActionMask = 2147483647;
			files = (
				E9A6ADEC20DC9CD400776EE0 /* c2_triangle.cpp in Sources */,
			);
			runOnlyForDeploymentPostprocessing = 0;
		};
		E9A6AE0420DCDFB000776EE0 /* Sources */ = {
			isa = PBXSourcesBuildPhase;
			buildActionMask = 2147483647;
			files = (
				E9A6AE1120DCDFD700776EE0 /* c3_element_caching.cpp in Sources */,
			);
			runOnlyForDeploymentPostprocessing = 0;
		};
/* End PBXSourcesBuildPhase section */

/* Begin XCBuildConfiguration section */
		E95AB03E2032BAE800DCF3C8 /* Debug */ = {
			isa = XCBuildConfiguration;
			buildSettings = {
				ALWAYS_SEARCH_USER_PATHS = NO;
				CLANG_ANALYZER_NONNULL = YES;
				CLANG_ANALYZER_NUMBER_OBJECT_CONVERSION = YES_AGGRESSIVE;
				CLANG_CXX_LANGUAGE_STANDARD = "gnu++14";
				CLANG_CXX_LIBRARY = "libc++";
				CLANG_ENABLE_MODULES = YES;
				CLANG_ENABLE_OBJC_ARC = YES;
				CLANG_WARN_BLOCK_CAPTURE_AUTORELEASING = YES;
				CLANG_WARN_BOOL_CONVERSION = YES;
				CLANG_WARN_COMMA = YES;
				CLANG_WARN_CONSTANT_CONVERSION = YES;
				CLANG_WARN_DIRECT_OBJC_ISA_USAGE = YES_ERROR;
				CLANG_WARN_DOCUMENTATION_COMMENTS = YES;
				CLANG_WARN_EMPTY_BODY = YES;
				CLANG_WARN_ENUM_CONVERSION = YES;
				CLANG_WARN_INFINITE_RECURSION = YES;
				CLANG_WARN_INT_CONVERSION = YES;
				CLANG_WARN_NON_LITERAL_NULL_CONVERSION = YES;
				CLANG_WARN_OBJC_LITERAL_CONVERSION = YES;
				CLANG_WARN_OBJC_ROOT_CLASS = YES_ERROR;
				CLANG_WARN_RANGE_LOOP_ANALYSIS = YES;
				CLANG_WARN_STRICT_PROTOTYPES = YES;
				CLANG_WARN_SUSPICIOUS_MOVE = YES;
				CLANG_WARN_UNGUARDED_AVAILABILITY = YES_AGGRESSIVE;
				CLANG_WARN_UNREACHABLE_CODE = YES;
				CLANG_WARN__DUPLICATE_METHOD_MATCH = YES;
				CODE_SIGN_IDENTITY = "-";
				COPY_PHASE_STRIP = NO;
				DEBUG_INFORMATION_FORMAT = dwarf;
				ENABLE_STRICT_OBJC_MSGSEND = YES;
				ENABLE_TESTABILITY = YES;
				GCC_C_LANGUAGE_STANDARD = gnu11;
				GCC_DYNAMIC_NO_PIC = NO;
				GCC_NO_COMMON_BLOCKS = YES;
				GCC_OPTIMIZATION_LEVEL = 0;
				GCC_PREPROCESSOR_DEFINITIONS = (
					"DEBUG=1",
					"$(inherited)",
				);
				GCC_WARN_64_TO_32_BIT_CONVERSION = YES;
				GCC_WARN_ABOUT_RETURN_TYPE = YES_ERROR;
				GCC_WARN_UNDECLARED_SELECTOR = YES;
				GCC_WARN_UNINITIALIZED_AUTOS = YES_AGGRESSIVE;
				GCC_WARN_UNUSED_FUNCTION = YES;
				GCC_WARN_UNUSED_VARIABLE = YES;
				HEADER_SEARCH_PATHS = "$(PROJECT_DIR)/library/include";
				LIBRARY_SEARCH_PATHS = "$(PROJECT_DIR)/library/lib";
				MACOSX_DEPLOYMENT_TARGET = 10.9;
				MTL_ENABLE_DEBUG_INFO = YES;
				ONLY_ACTIVE_ARCH = YES;
				SDKROOT = macosx;
			};
			name = Debug;
		};
		E95AB03F2032BAE800DCF3C8 /* Release */ = {
			isa = XCBuildConfiguration;
			buildSettings = {
				ALWAYS_SEARCH_USER_PATHS = NO;
				CLANG_ANALYZER_NONNULL = YES;
				CLANG_ANALYZER_NUMBER_OBJECT_CONVERSION = YES_AGGRESSIVE;
				CLANG_CXX_LANGUAGE_STANDARD = "gnu++14";
				CLANG_CXX_LIBRARY = "libc++";
				CLANG_ENABLE_MODULES = YES;
				CLANG_ENABLE_OBJC_ARC = YES;
				CLANG_WARN_BLOCK_CAPTURE_AUTORELEASING = YES;
				CLANG_WARN_BOOL_CONVERSION = YES;
				CLANG_WARN_COMMA = YES;
				CLANG_WARN_CONSTANT_CONVERSION = YES;
				CLANG_WARN_DIRECT_OBJC_ISA_USAGE = YES_ERROR;
				CLANG_WARN_DOCUMENTATION_COMMENTS = YES;
				CLANG_WARN_EMPTY_BODY = YES;
				CLANG_WARN_ENUM_CONVERSION = YES;
				CLANG_WARN_INFINITE_RECURSION = YES;
				CLANG_WARN_INT_CONVERSION = YES;
				CLANG_WARN_NON_LITERAL_NULL_CONVERSION = YES;
				CLANG_WARN_OBJC_LITERAL_CONVERSION = YES;
				CLANG_WARN_OBJC_ROOT_CLASS = YES_ERROR;
				CLANG_WARN_RANGE_LOOP_ANALYSIS = YES;
				CLANG_WARN_STRICT_PROTOTYPES = YES;
				CLANG_WARN_SUSPICIOUS_MOVE = YES;
				CLANG_WARN_UNGUARDED_AVAILABILITY = YES_AGGRESSIVE;
				CLANG_WARN_UNREACHABLE_CODE = YES;
				CLANG_WARN__DUPLICATE_METHOD_MATCH = YES;
				CODE_SIGN_IDENTITY = "-";
				COPY_PHASE_STRIP = NO;
				DEBUG_INFORMATION_FORMAT = "dwarf-with-dsym";
				ENABLE_NS_ASSERTIONS = NO;
				ENABLE_STRICT_OBJC_MSGSEND = YES;
				GCC_C_LANGUAGE_STANDARD = gnu11;
				GCC_NO_COMMON_BLOCKS = YES;
				GCC_WARN_64_TO_32_BIT_CONVERSION = YES;
				GCC_WARN_ABOUT_RETURN_TYPE = YES_ERROR;
				GCC_WARN_UNDECLARED_SELECTOR = YES;
				GCC_WARN_UNINITIALIZED_AUTOS = YES_AGGRESSIVE;
				GCC_WARN_UNUSED_FUNCTION = YES;
				GCC_WARN_UNUSED_VARIABLE = YES;
				HEADER_SEARCH_PATHS = "$(PROJECT_DIR)/library/include";
				LIBRARY_SEARCH_PATHS = "$(PROJECT_DIR)/library/lib";
				MACOSX_DEPLOYMENT_TARGET = 10.9;
				MTL_ENABLE_DEBUG_INFO = NO;
				SDKROOT = macosx;
			};
			name = Release;
		};
		E9841D2220DB945B00FF0C84 /* Debug */ = {
			isa = XCBuildConfiguration;
			buildSettings = {
				CLANG_ENABLE_OBJC_WEAK = YES;
				CLANG_WARN_DEPRECATED_OBJC_IMPLEMENTATIONS = YES;
				CLANG_WARN_OBJC_IMPLICIT_RETAIN_SELF = YES;
				CODE_SIGN_IDENTITY = "Mac Developer";
				CODE_SIGN_STYLE = Automatic;
				DEVELOPMENT_TEAM = JC2EQSWR8C;
				HEADER_SEARCH_PATHS = "$(PROJECT_DIR)/library/include";
				LIBRARY_SEARCH_PATHS = "$(PROJECT_DIR)/library/lib";
				MACOSX_DEPLOYMENT_TARGET = 10.13;
				PRODUCT_NAME = "$(TARGET_NAME)";
			};
			name = Debug;
		};
		E9841D2320DB945B00FF0C84 /* Release */ = {
			isa = XCBuildConfiguration;
			buildSettings = {
				CLANG_ENABLE_OBJC_WEAK = YES;
				CLANG_WARN_DEPRECATED_OBJC_IMPLEMENTATIONS = YES;
				CLANG_WARN_OBJC_IMPLICIT_RETAIN_SELF = YES;
				CODE_SIGN_IDENTITY = "Mac Developer";
				CODE_SIGN_STYLE = Automatic;
				DEVELOPMENT_TEAM = JC2EQSWR8C;
				HEADER_SEARCH_PATHS = "$(PROJECT_DIR)/library/include";
				LIBRARY_SEARCH_PATHS = "$(PROJECT_DIR)/library/lib";
				MACOSX_DEPLOYMENT_TARGET = 10.13;
				PRODUCT_NAME = "$(TARGET_NAME)";
			};
			name = Release;
		};
		E99A6E3520DC935300E17145 /* Debug */ = {
			isa = XCBuildConfiguration;
			buildSettings = {
				CLANG_ENABLE_OBJC_WEAK = YES;
				CLANG_WARN_DEPRECATED_OBJC_IMPLEMENTATIONS = YES;
				CLANG_WARN_OBJC_IMPLICIT_RETAIN_SELF = YES;
				CODE_SIGN_IDENTITY = "Mac Developer";
				CODE_SIGN_STYLE = Automatic;
				DEVELOPMENT_TEAM = JC2EQSWR8C;
				EXECUTABLE_PREFIX = lib;
				GCC_ENABLE_CPP_EXCEPTIONS = YES;
				GCC_ENABLE_CPP_RTTI = YES;
				HEADER_SEARCH_PATHS = "$(PROJECT_DIR)/library/include";
				MACOSX_DEPLOYMENT_TARGET = 10.13;
				PRODUCT_NAME = "$(TARGET_NAME)";
				SKIP_INSTALL = YES;
			};
			name = Debug;
		};
		E99A6E3620DC935300E17145 /* Release */ = {
			isa = XCBuildConfiguration;
			buildSettings = {
				CLANG_ENABLE_OBJC_WEAK = YES;
				CLANG_WARN_DEPRECATED_OBJC_IMPLEMENTATIONS = YES;
				CLANG_WARN_OBJC_IMPLICIT_RETAIN_SELF = YES;
				CODE_SIGN_IDENTITY = "Mac Developer";
				CODE_SIGN_STYLE = Automatic;
				DEVELOPMENT_TEAM = JC2EQSWR8C;
				EXECUTABLE_PREFIX = lib;
				GCC_ENABLE_CPP_EXCEPTIONS = YES;
				GCC_ENABLE_CPP_RTTI = YES;
				HEADER_SEARCH_PATHS = "$(PROJECT_DIR)/library/include";
				MACOSX_DEPLOYMENT_TARGET = 10.13;
				PRODUCT_NAME = "$(TARGET_NAME)";
				SKIP_INSTALL = YES;
			};
			name = Release;
		};
		E9A6ADEA20DC9CC200776EE0 /* Debug */ = {
			isa = XCBuildConfiguration;
			buildSettings = {
				CLANG_ENABLE_OBJC_WEAK = YES;
				CLANG_WARN_DEPRECATED_OBJC_IMPLEMENTATIONS = YES;
				CLANG_WARN_OBJC_IMPLICIT_RETAIN_SELF = YES;
				CODE_SIGN_IDENTITY = "Mac Developer";
				CODE_SIGN_STYLE = Automatic;
				DEVELOPMENT_TEAM = JC2EQSWR8C;
				MACOSX_DEPLOYMENT_TARGET = 10.13;
				PRODUCT_NAME = "$(TARGET_NAME)";
			};
			name = Debug;
		};
		E9A6ADEB20DC9CC200776EE0 /* Release */ = {
			isa = XCBuildConfiguration;
			buildSettings = {
				CLANG_ENABLE_OBJC_WEAK = YES;
				CLANG_WARN_DEPRECATED_OBJC_IMPLEMENTATIONS = YES;
				CLANG_WARN_OBJC_IMPLICIT_RETAIN_SELF = YES;
				CODE_SIGN_IDENTITY = "Mac Developer";
				CODE_SIGN_STYLE = Automatic;
				DEVELOPMENT_TEAM = JC2EQSWR8C;
				MACOSX_DEPLOYMENT_TARGET = 10.13;
				PRODUCT_NAME = "$(TARGET_NAME)";
			};
			name = Release;
		};
		E9A6AE0D20DCDFB000776EE0 /* Debug */ = {
			isa = XCBuildConfiguration;
			buildSettings = {
				CLANG_ENABLE_OBJC_WEAK = YES;
				CLANG_WARN_DEPRECATED_OBJC_IMPLEMENTATIONS = YES;
				CLANG_WARN_OBJC_IMPLICIT_RETAIN_SELF = YES;
				CODE_SIGN_IDENTITY = "Mac Developer";
				CODE_SIGN_STYLE = Automatic;
				DEVELOPMENT_TEAM = JC2EQSWR8C;
				MACOSX_DEPLOYMENT_TARGET = 10.13;
				PRODUCT_NAME = "$(TARGET_NAME)";
			};
			name = Debug;
		};
		E9A6AE0E20DCDFB000776EE0 /* Release */ = {
			isa = XCBuildConfiguration;
			buildSettings = {
				CLANG_ENABLE_OBJC_WEAK = YES;
				CLANG_WARN_DEPRECATED_OBJC_IMPLEMENTATIONS = YES;
				CLANG_WARN_OBJC_IMPLICIT_RETAIN_SELF = YES;
				CODE_SIGN_IDENTITY = "Mac Developer";
				CODE_SIGN_STYLE = Automatic;
				DEVELOPMENT_TEAM = JC2EQSWR8C;
				MACOSX_DEPLOYMENT_TARGET = 10.13;
				PRODUCT_NAME = "$(TARGET_NAME)";
			};
			name = Release;
		};
/* End XCBuildConfiguration section */

/* Begin XCConfigurationList section */
		E95AB0342032BAE800DCF3C8 /* Build configuration list for PBXProject "GL" */ = {
			isa = XCConfigurationList;
			buildConfigurations = (
				E95AB03E2032BAE800DCF3C8 /* Debug */,
				E95AB03F2032BAE800DCF3C8 /* Release */,
			);
			defaultConfigurationIsVisible = 0;
			defaultConfigurationName = Release;
		};
		E9841D2120DB945B00FF0C84 /* Build configuration list for PBXNativeTarget "c1_window" */ = {
			isa = XCConfigurationList;
			buildConfigurations = (
				E9841D2220DB945B00FF0C84 /* Debug */,
				E9841D2320DB945B00FF0C84 /* Release */,
			);
			defaultConfigurationIsVisible = 0;
			defaultConfigurationName = Release;
		};
		E99A6E3720DC935300E17145 /* Build configuration list for PBXNativeTarget "glad" */ = {
			isa = XCConfigurationList;
			buildConfigurations = (
				E99A6E3520DC935300E17145 /* Debug */,
				E99A6E3620DC935300E17145 /* Release */,
			);
			defaultConfigurationIsVisible = 0;
			defaultConfigurationName = Release;
		};
		E9A6ADE920DC9CC200776EE0 /* Build configuration list for PBXNativeTarget "c2_triangle" */ = {
			isa = XCConfigurationList;
			buildConfigurations = (
				E9A6ADEA20DC9CC200776EE0 /* Debug */,
				E9A6ADEB20DC9CC200776EE0 /* Release */,
			);
			defaultConfigurationIsVisible = 0;
			defaultConfigurationName = Release;
		};
		E9A6AE0C20DCDFB000776EE0 /* Build configuration list for PBXNativeTarget "c3_element_caching" */ = {
			isa = XCConfigurationList;
			buildConfigurations = (
				E9A6AE0D20DCDFB000776EE0 /* Debug */,
				E9A6AE0E20DCDFB000776EE0 /* Release */,
			);
			defaultConfigurationIsVisible = 0;
			defaultConfigurationName = Release;
		};
/* End XCConfigurationList section */
	};
	rootObject = E95AB0312032BAE800DCF3C8 /* Project object */;
}
