
Microsoft Visual Studio Solution File, Format Version 12.00
# Visual Studio Version 16
VisualStudioVersion = 16.0.30711.63
MinimumVisualStudioVersion = 10.0.40219.1
Project("{8BC9CEB8-8B4A-11D0-8D11-00A0C91BC942}") = "1.1.2.hello_window_clear", "1.1.2.hello_window_clear\1.1.2.hello_window_clear.vcxproj", "{A026932B-D6AD-470A-AB16-8C661067D00C}"
	ProjectSection(ProjectDependencies) = postProject
		{06025E31-64A0-4FF9-A513-46C84D41444A} = {06025E31-64A0-4FF9-A513-46C84D41444A}
		{91DF9DF9-0EA2-49A8-AE1C-5B1EA9B008E6} = {91DF9DF9-0EA2-49A8-AE1C-5B1EA9B008E6}
	EndProjectSection
EndProject
Project("{8BC9CEB8-8B4A-11D0-8D11-00A0C91BC942}") = "glad", "..\glad\glad.vcxproj", "{06025E31-64A0-4FF9-A513-46C84D41444A}"
EndProject
Project("{8BC9CEB8-8B4A-11D0-8D11-00A0C91BC942}") = "glfw", "..\glfw\glfw.vcxproj", "{91DF9DF9-0EA2-49A8-AE1C-5B1EA9B008E6}"
EndProject
Global
	GlobalSection(SolutionConfigurationPlatforms) = preSolution
		Debug|x64 = Debug|x64
		Debug|x86 = Debug|x86
		Release|x64 = Release|x64
		Release|x86 = Release|x86
	EndGlobalSection
	GlobalSection(ProjectConfigurationPlatforms) = postSolution
		{A026932B-D6AD-470A-AB16-8C661067D00C}.Debug|x64.ActiveCfg = Debug|x64
		{A026932B-D6AD-470A-AB16-8C661067D00C}.Debug|x64.Build.0 = Debug|x64
		{A026932B-D6AD-470A-AB16-8C661067D00C}.Debug|x86.ActiveCfg = Debug|Win32
		{A026932B-D6AD-470A-AB16-8C661067D00C}.Debug|x86.Build.0 = Debug|Win32
		{A026932B-D6AD-470A-AB16-8C661067D00C}.Release|x64.ActiveCfg = Release|x64
		{A026932B-D6AD-470A-AB16-8C661067D00C}.Release|x64.Build.0 = Release|x64
		{A026932B-D6AD-470A-AB16-8C661067D00C}.Release|x86.ActiveCfg = Release|Win32
		{A026932B-D6AD-470A-AB16-8C661067D00C}.Release|x86.Build.0 = Release|Win32
		{06025E31-64A0-4FF9-A513-46C84D41444A}.Debug|x64.ActiveCfg = Debug|x64
		{06025E31-64A0-4FF9-A513-46C84D41444A}.Debug|x64.Build.0 = Debug|x64
		{06025E31-64A0-4FF9-A513-46C84D41444A}.Debug|x86.ActiveCfg = Debug|Win32
		{06025E31-64A0-4FF9-A513-46C84D41444A}.Debug|x86.Build.0 = Debug|Win32
		{06025E31-64A0-4FF9-A513-46C84D41444A}.Release|x64.ActiveCfg = Release|x64
		{06025E31-64A0-4FF9-A513-46C84D41444A}.Release|x64.Build.0 = Release|x64
		{06025E31-64A0-4FF9-A513-46C84D41444A}.Release|x86.ActiveCfg = Release|Win32
		{06025E31-64A0-4FF9-A513-46C84D41444A}.Release|x86.Build.0 = Release|Win32
		{91DF9DF9-0EA2-49A8-AE1C-5B1EA9B008E6}.Debug|x64.ActiveCfg = Debug|x64
		{91DF9DF9-0EA2-49A8-AE1C-5B1EA9B008E6}.Debug|x64.Build.0 = Debug|x64
		{91DF9DF9-0EA2-49A8-AE1C-5B1EA9B008E6}.Debug|x86.ActiveCfg = Debug|Win32
		{91DF9DF9-0EA2-49A8-AE1C-5B1EA9B008E6}.Debug|x86.Build.0 = Debug|Win32
		{91DF9DF9-0EA2-49A8-AE1C-5B1EA9B008E6}.Release|x64.ActiveCfg = Release|x64
		{91DF9DF9-0EA2-49A8-AE1C-5B1EA9B008E6}.Release|x64.Build.0 = Release|x64
		{91DF9DF9-0EA2-49A8-AE1C-5B1EA9B008E6}.Release|x86.ActiveCfg = Release|Win32
		{91DF9DF9-0EA2-49A8-AE1C-5B1EA9B008E6}.Release|x86.Build.0 = Release|Win32
	EndGlobalSection
	GlobalSection(SolutionProperties) = preSolution
		HideSolutionNode = FALSE
	EndGlobalSection
	GlobalSection(ExtensibilityGlobals) = postSolution
		SolutionGuid = {05525CEA-91D2-46F3-A7EB-0898C1C414B3}
	EndGlobalSection
EndGlobal
