
Microsoft Visual Studio Solution File, Format Version 12.00
# Visual Studio Version 16
VisualStudioVersion = 16.0.30711.63
MinimumVisualStudioVersion = 10.0.40219.1
Project("{8BC9CEB8-8B4A-11D0-8D11-00A0C91BC942}") = "glad", "glad.vcxproj", "{06025E31-64A0-4FF9-A513-46C84D41444A}"
EndProject
Global
	GlobalSection(SolutionConfigurationPlatforms) = preSolution
		Debug|x64 = Debug|x64
		Debug|x86 = Debug|x86
		Release|x64 = Release|x64
		Release|x86 = Release|x86
	EndGlobalSection
	GlobalSection(ProjectConfigurationPlatforms) = postSolution
		{06025E31-64A0-4FF9-A513-46C84D41444A}.Debug|x64.ActiveCfg = Debug|x64
		{06025E31-64A0-4FF9-A513-46C84D41444A}.Debug|x64.Build.0 = Debug|x64
		{06025E31-64A0-4FF9-A513-46C84D41444A}.Debug|x86.ActiveCfg = Debug|Win32
		{06025E31-64A0-4FF9-A513-46C84D41444A}.Debug|x86.Build.0 = Debug|Win32
		{06025E31-64A0-4FF9-A513-46C84D41444A}.Release|x64.ActiveCfg = Release|x64
		{06025E31-64A0-4FF9-A513-46C84D41444A}.Release|x64.Build.0 = Release|x64
		{06025E31-64A0-4FF9-A513-46C84D41444A}.Release|x86.ActiveCfg = Release|Win32
		{06025E31-64A0-4FF9-A513-46C84D41444A}.Release|x86.Build.0 = Release|Win32
	EndGlobalSection
	GlobalSection(SolutionProperties) = preSolution
		HideSolutionNode = FALSE
	EndGlobalSection
	GlobalSection(ExtensibilityGlobals) = postSolution
		SolutionGuid = {0677005C-EF55-4794-889D-7837A0BE3E8C}
	EndGlobalSection
EndGlobal
